// !$*UTF8*$!
{
	archiveVersion = 1;
	classes = {
	};
	objectVersion = 46;
	objects = {

/* Begin PBXBuildFile section */
		A518659319A35D0C0023F236 /* liuming.png in Resources */ = {isa = PBXBuildFile; fileRef = A518658F19A35D0C0023F236 /* liuming.png */; };
		A518659419A35D0C0023F236 /* liuming@2x.png in Resources */ = {isa = PBXBuildFile; fileRef = A518659019A35D0C0023F236 /* liuming@2x.png */; };
		A518659519A35D0C0023F236 /* zhuge.png in Resources */ = {isa = PBXBuildFile; fileRef = A518659119A35D0C0023F236 /* zhuge.png */; };
		A518659619A35D0C0023F236 /* zhuge@2x.png in Resources */ = {isa = PBXBuildFile; fileRef = A518659219A35D0C0023F236 /* zhuge@2x.png */; };
		A518659819A361C90023F236 /* about.png in Resources */ = {isa = PBXBuildFile; fileRef = A518659719A361C90023F236 /* about.png */; };
		A518659B19A361FE0023F236 /* diary.png in Resources */ = {isa = PBXBuildFile; fileRef = A518659919A361FD0023F236 /* diary.png */; };
		A518659C19A361FE0023F236 /* location.png in Resources */ = {isa = PBXBuildFile; fileRef = A518659A19A361FE0023F236 /* location.png */; };
		A518659E19A3635F0023F236 /* CoreLocation.framework in Frameworks */ = {isa = PBXBuildFile; fileRef = A518659D19A3635F0023F236 /* CoreLocation.framework */; };
		A51865A119A364950023F236 /* LocationViewController.m in Sources */ = {isa = PBXBuildFile; fileRef = A51865A019A364950023F236 /* LocationViewController.m */; };
		A51FC8D919A36F2800D25040 /* DiaryListViewController.m in Sources */ = {isa = PBXBuildFile; fileRef = A51FC8D819A36F2800D25040 /* DiaryListViewController.m */; };
		A5472D7619C17FCD00AAB1D5 /* RecordViewController.m in Sources */ = {isa = PBXBuildFile; fileRef = A5472D7519C17FCD00AAB1D5 /* RecordViewController.m */; };
		A5472D7A19C1B15300AAB1D5 /* AVFoundation.framework in Frameworks */ = {isa = PBXBuildFile; fileRef = A5472D7919C1B15300AAB1D5 /* AVFoundation.framework */; };
		A5472D7B19C1B6FD00AAB1D5 /* RecordViewController.h in Sources */ = {isa = PBXBuildFile; fileRef = A5472D7419C17FCD00AAB1D5 /* RecordViewController.h */; };
		A5472D7E19C1D17300AAB1D5 /* ScrollViewController.m in Sources */ = {isa = PBXBuildFile; fileRef = A5472D7D19C1D17300AAB1D5 /* ScrollViewController.m */; };
		A555FC6E19B8669B0015DD7F /* CameraViewController.m in Sources */ = {isa = PBXBuildFile; fileRef = A555FC6D19B8669B0015DD7F /* CameraViewController.m */; };
		A555FC7419B88C270015DD7F /* ImageStore.m in Sources */ = {isa = PBXBuildFile; fileRef = A555FC7319B88C270015DD7F /* ImageStore.m */; };
		A555FC7B19B99A120015DD7F /* DiaryStore.m in Sources */ = {isa = PBXBuildFile; fileRef = A555FC7A19B99A120015DD7F /* DiaryStore.m */; };
		A5A52A3E19B81CFE00F9F919 /* CreateDiaryViewController.m in Sources */ = {isa = PBXBuildFile; fileRef = A5A52A3D19B81CFE00F9F919 /* CreateDiaryViewController.m */; };
		A5AE941019A5DF87003CA51A /* DetailDiaryViewController.m in Sources */ = {isa = PBXBuildFile; fileRef = A5AE940F19A5DF87003CA51A /* DetailDiaryViewController.m */; };
		A5AE941619A6DAEC003CA51A /* Diary.m in Sources */ = {isa = PBXBuildFile; fileRef = A5AE941519A6DAEC003CA51A /* Diary.m */; };
		A5B1A10219A33A85009863AA /* Foundation.framework in Frameworks */ = {isa = PBXBuildFile; fileRef = A5B1A10119A33A85009863AA /* Foundation.framework */; };
		A5B1A10419A33A85009863AA /* CoreGraphics.framework in Frameworks */ = {isa = PBXBuildFile; fileRef = A5B1A10319A33A85009863AA /* CoreGraphics.framework */; };
		A5B1A10619A33A85009863AA /* UIKit.framework in Frameworks */ = {isa = PBXBuildFile; fileRef = A5B1A10519A33A85009863AA /* UIKit.framework */; };
		A5B1A10C19A33A85009863AA /* InfoPlist.strings in Resources */ = {isa = PBXBuildFile; fileRef = A5B1A10A19A33A85009863AA /* InfoPlist.strings */; };
		A5B1A10E19A33A85009863AA /* main.m in Sources */ = {isa = PBXBuildFile; fileRef = A5B1A10D19A33A85009863AA /* main.m */; };
		A5B1A11219A33A85009863AA /* AppDelegate.m in Sources */ = {isa = PBXBuildFile; fileRef = A5B1A11119A33A85009863AA /* AppDelegate.m */; };
		A5B1A11519A33A85009863AA /* Main.storyboard in Resources */ = {isa = PBXBuildFile; fileRef = A5B1A11319A33A85009863AA /* Main.storyboard */; };
		A5B1A11819A33A85009863AA /* AboutViewController.m in Sources */ = {isa = PBXBuildFile; fileRef = A5B1A11719A33A85009863AA /* AboutViewController.m */; };
		A5B1A11A19A33A85009863AA /* Images.xcassets in Resources */ = {isa = PBXBuildFile; fileRef = A5B1A11919A33A85009863AA /* Images.xcassets */; };
		A5B1A12119A33A85009863AA /* XCTest.framework in Frameworks */ = {isa = PBXBuildFile; fileRef = A5B1A12019A33A85009863AA /* XCTest.framework */; };
		A5B1A12219A33A85009863AA /* Foundation.framework in Frameworks */ = {isa = PBXBuildFile; fileRef = A5B1A10119A33A85009863AA /* Foundation.framework */; };
		A5B1A12319A33A85009863AA /* UIKit.framework in Frameworks */ = {isa = PBXBuildFile; fileRef = A5B1A10519A33A85009863AA /* UIKit.framework */; };
		A5B1A12B19A33A85009863AA /* InfoPlist.strings in Resources */ = {isa = PBXBuildFile; fileRef = A5B1A12919A33A85009863AA /* InfoPlist.strings */; };
		A5B1A12D19A33A85009863AA /* MyDiaryTests.m in Sources */ = {isa = PBXBuildFile; fileRef = A5B1A12C19A33A85009863AA /* MyDiaryTests.m */; };
/* End PBXBuildFile section */

/* Begin PBXContainerItemProxy section */
		A5B1A12419A33A85009863AA /* PBXContainerItemProxy */ = {
			isa = PBXContainerItemProxy;
			containerPortal = A5B1A0F619A33A85009863AA /* Project object */;
			proxyType = 1;
			remoteGlobalIDString = A5B1A0FD19A33A85009863AA;
			remoteInfo = MyDiary;
		};
/* End PBXContainerItemProxy section */

/* Begin PBXFileReference section */
		A518658F19A35D0C0023F236 /* liuming.png */ = {isa = PBXFileReference; lastKnownFileType = image.png; path = liuming.png; sourceTree = "<group>"; };
		A518659019A35D0C0023F236 /* liuming@2x.png */ = {isa = PBXFileReference; lastKnownFileType = image.png; path = "liuming@2x.png"; sourceTree = "<group>"; };
		A518659119A35D0C0023F236 /* zhuge.png */ = {isa = PBXFileReference; lastKnownFileType = image.png; path = zhuge.png; sourceTree = "<group>"; };
		A518659219A35D0C0023F236 /* zhuge@2x.png */ = {isa = PBXFileReference; lastKnownFileType = image.png; path = "zhuge@2x.png"; sourceTree = "<group>"; };
		A518659719A361C90023F236 /* about.png */ = {isa = PBXFileReference; lastKnownFileType = image.png; path = about.png; sourceTree = "<group>"; };
		A518659919A361FD0023F236 /* diary.png */ = {isa = PBXFileReference; lastKnownFileType = image.png; path = diary.png; sourceTree = "<group>"; };
		A518659A19A361FE0023F236 /* location.png */ = {isa = PBXFileReference; lastKnownFileType = image.png; path = location.png; sourceTree = "<group>"; };
		A518659D19A3635F0023F236 /* CoreLocation.framework */ = {isa = PBXFileReference; lastKnownFileType = wrapper.framework; name = CoreLocation.framework; path = System/Library/Frameworks/CoreLocation.framework; sourceTree = SDKROOT; };
		A518659F19A364950023F236 /* LocationViewController.h */ = {isa = PBXFileReference; fileEncoding = 4; lastKnownFileType = sourcecode.c.h; name = LocationViewController.h; path = ../../LocationViewController.h; sourceTree = "<group>"; };
		A51865A019A364950023F236 /* LocationViewController.m */ = {isa = PBXFileReference; fileEncoding = 4; lastKnownFileType = sourcecode.c.objc; name = LocationViewController.m; path = ../../LocationViewController.m; sourceTree = "<group>"; };
		A51FC8D719A36F2800D25040 /* DiaryListViewController.h */ = {isa = PBXFileReference; fileEncoding = 4; lastKnownFileType = sourcecode.c.h; name = DiaryListViewController.h; path = ../../DiaryListViewController.h; sourceTree = "<group>"; };
		A51FC8D819A36F2800D25040 /* DiaryListViewController.m */ = {isa = PBXFileReference; fileEncoding = 4; lastKnownFileType = sourcecode.c.objc; name = DiaryListViewController.m; path = ../../DiaryListViewController.m; sourceTree = "<group>"; };
		A5472D7419C17FCD00AAB1D5 /* RecordViewController.h */ = {isa = PBXFileReference; fileEncoding = 4; lastKnownFileType = sourcecode.c.h; path = RecordViewController.h; sourceTree = "<group>"; };
		A5472D7519C17FCD00AAB1D5 /* RecordViewController.m */ = {isa = PBXFileReference; fileEncoding = 4; lastKnownFileType = sourcecode.c.objc; path = RecordViewController.m; sourceTree = "<group>"; };
		A5472D7919C1B15300AAB1D5 /* AVFoundation.framework */ = {isa = PBXFileReference; lastKnownFileType = wrapper.framework; name = AVFoundation.framework; path = System/Library/Frameworks/AVFoundation.framework; sourceTree = SDKROOT; };
		A5472D7C19C1D17300AAB1D5 /* ScrollViewController.h */ = {isa = PBXFileReference; fileEncoding = 4; lastKnownFileType = sourcecode.c.h; path = ScrollViewController.h; sourceTree = "<group>"; };
		A5472D7D19C1D17300AAB1D5 /* ScrollViewController.m */ = {isa = PBXFileReference; fileEncoding = 4; lastKnownFileType = sourcecode.c.objc; path = ScrollViewController.m; sourceTree = "<group>"; };
		A555FC6C19B8669B0015DD7F /* CameraViewController.h */ = {isa = PBXFileReference; fileEncoding = 4; lastKnownFileType = sourcecode.c.h; name = CameraViewController.h; path = ../../CameraViewController.h; sourceTree = "<group>"; };
		A555FC6D19B8669B0015DD7F /* CameraViewController.m */ = {isa = PBXFileReference; fileEncoding = 4; lastKnownFileType = sourcecode.c.objc; name = CameraViewController.m; path = ../../CameraViewController.m; sourceTree = "<group>"; };
		A555FC7219B88C270015DD7F /* ImageStore.h */ = {isa = PBXFileReference; fileEncoding = 4; lastKnownFileType = sourcecode.c.h; path = ImageStore.h; sourceTree = "<group>"; };
		A555FC7319B88C270015DD7F /* ImageStore.m */ = {isa = PBXFileReference; fileEncoding = 4; lastKnownFileType = sourcecode.c.objc; path = ImageStore.m; sourceTree = "<group>"; };
		A555FC7919B99A120015DD7F /* DiaryStore.h */ = {isa = PBXFileReference; fileEncoding = 4; lastKnownFileType = sourcecode.c.h; path = DiaryStore.h; sourceTree = "<group>"; };
		A555FC7A19B99A120015DD7F /* DiaryStore.m */ = {isa = PBXFileReference; fileEncoding = 4; lastKnownFileType = sourcecode.c.objc; path = DiaryStore.m; sourceTree = "<group>"; };
		A5A52A3C19B81CFE00F9F919 /* CreateDiaryViewController.h */ = {isa = PBXFileReference; fileEncoding = 4; lastKnownFileType = sourcecode.c.h; name = CreateDiaryViewController.h; path = ../../CreateDiaryViewController.h; sourceTree = "<group>"; };
		A5A52A3D19B81CFE00F9F919 /* CreateDiaryViewController.m */ = {isa = PBXFileReference; fileEncoding = 4; lastKnownFileType = sourcecode.c.objc; name = CreateDiaryViewController.m; path = ../../CreateDiaryViewController.m; sourceTree = "<group>"; };
		A5AE940E19A5DF87003CA51A /* DetailDiaryViewController.h */ = {isa = PBXFileReference; fileEncoding = 4; lastKnownFileType = sourcecode.c.h; name = DetailDiaryViewController.h; path = ../../DetailDiaryViewController.h; sourceTree = "<group>"; };
		A5AE940F19A5DF87003CA51A /* DetailDiaryViewController.m */ = {isa = PBXFileReference; fileEncoding = 4; lastKnownFileType = sourcecode.c.objc; name = DetailDiaryViewController.m; path = ../../DetailDiaryViewController.m; sourceTree = "<group>"; };
		A5AE941419A6DAEC003CA51A /* Diary.h */ = {isa = PBXFileReference; fileEncoding = 4; lastKnownFileType = sourcecode.c.h; name = Diary.h; path = ../Diary.h; sourceTree = "<group>"; };
		A5AE941519A6DAEC003CA51A /* Diary.m */ = {isa = PBXFileReference; fileEncoding = 4; lastKnownFileType = sourcecode.c.objc; name = Diary.m; path = ../Diary.m; sourceTree = "<group>"; };
		A5B1A0FE19A33A85009863AA /* MyDiary.app */ = {isa = PBXFileReference; explicitFileType = wrapper.application; includeInIndex = 0; path = MyDiary.app; sourceTree = BUILT_PRODUCTS_DIR; };
		A5B1A10119A33A85009863AA /* Foundation.framework */ = {isa = PBXFileReference; lastKnownFileType = wrapper.framework; name = Foundation.framework; path = System/Library/Frameworks/Foundation.framework; sourceTree = SDKROOT; };
		A5B1A10319A33A85009863AA /* CoreGraphics.framework */ = {isa = PBXFileReference; lastKnownFileType = wrapper.framework; name = CoreGraphics.framework; path = System/Library/Frameworks/CoreGraphics.framework; sourceTree = SDKROOT; };
		A5B1A10519A33A85009863AA /* UIKit.framework */ = {isa = PBXFileReference; lastKnownFileType = wrapper.framework; name = UIKit.framework; path = System/Library/Frameworks/UIKit.framework; sourceTree = SDKROOT; };
		A5B1A10919A33A85009863AA /* MyDiary-Info.plist */ = {isa = PBXFileReference; lastKnownFileType = text.plist.xml; path = "MyDiary-Info.plist"; sourceTree = "<group>"; };
		A5B1A10B19A33A85009863AA /* en */ = {isa = PBXFileReference; lastKnownFileType = text.plist.strings; name = en; path = en.lproj/InfoPlist.strings; sourceTree = "<group>"; };
		A5B1A10D19A33A85009863AA /* main.m */ = {isa = PBXFileReference; lastKnownFileType = sourcecode.c.objc; path = main.m; sourceTree = "<group>"; };
		A5B1A10F19A33A85009863AA /* MyDiary-Prefix.pch */ = {isa = PBXFileReference; lastKnownFileType = sourcecode.c.h; path = "MyDiary-Prefix.pch"; sourceTree = "<group>"; };
		A5B1A11019A33A85009863AA /* AppDelegate.h */ = {isa = PBXFileReference; lastKnownFileType = sourcecode.c.h; name = AppDelegate.h; path = MyDiary/AppDelegate.h; sourceTree = SOURCE_ROOT; };
		A5B1A11119A33A85009863AA /* AppDelegate.m */ = {isa = PBXFileReference; lastKnownFileType = sourcecode.c.objc; name = AppDelegate.m; path = MyDiary/AppDelegate.m; sourceTree = SOURCE_ROOT; };
		A5B1A11419A33A85009863AA /* Base */ = {isa = PBXFileReference; lastKnownFileType = file.storyboard; name = Base; path = Base.lproj/Main.storyboard; sourceTree = "<group>"; };
		A5B1A11619A33A85009863AA /* AboutViewController.h */ = {isa = PBXFileReference; lastKnownFileType = sourcecode.c.h; name = AboutViewController.h; path = ../../AboutViewController.h; sourceTree = "<group>"; };
		A5B1A11719A33A85009863AA /* AboutViewController.m */ = {isa = PBXFileReference; lastKnownFileType = sourcecode.c.objc; name = AboutViewController.m; path = ../../AboutViewController.m; sourceTree = "<group>"; };
		A5B1A11919A33A85009863AA /* Images.xcassets */ = {isa = PBXFileReference; lastKnownFileType = folder.assetcatalog; path = Images.xcassets; sourceTree = "<group>"; };
		A5B1A11F19A33A85009863AA /* MyDiaryTests.xctest */ = {isa = PBXFileReference; explicitFileType = wrapper.cfbundle; includeInIndex = 0; path = MyDiaryTests.xctest; sourceTree = BUILT_PRODUCTS_DIR; };
		A5B1A12019A33A85009863AA /* XCTest.framework */ = {isa = PBXFileReference; lastKnownFileType = wrapper.framework; name = XCTest.framework; path = Library/Frameworks/XCTest.framework; sourceTree = DEVELOPER_DIR; };
		A5B1A12819A33A85009863AA /* MyDiaryTests-Info.plist */ = {isa = PBXFileReference; lastKnownFileType = text.plist.xml; path = "MyDiaryTests-Info.plist"; sourceTree = "<group>"; };
		A5B1A12A19A33A85009863AA /* en */ = {isa = PBXFileReference; lastKnownFileType = text.plist.strings; name = en; path = en.lproj/InfoPlist.strings; sourceTree = "<group>"; };
		A5B1A12C19A33A85009863AA /* MyDiaryTests.m */ = {isa = PBXFileReference; lastKnownFileType = sourcecode.c.objc; path = MyDiaryTests.m; sourceTree = "<group>"; };
/* End PBXFileReference section */

/* Begin PBXFrameworksBuildPhase section */
		A5B1A0FB19A33A85009863AA /* Frameworks */ = {
			isa = PBXFrameworksBuildPhase;
			buildActionMask = 2147483647;
			files = (
				A518659E19A3635F0023F236 /* CoreLocation.framework in Frameworks */,
				A5472D7A19C1B15300AAB1D5 /* AVFoundation.framework in Frameworks */,
				A5B1A10419A33A85009863AA /* CoreGraphics.framework in Frameworks */,
				A5B1A10619A33A85009863AA /* UIKit.framework in Frameworks */,
				A5B1A10219A33A85009863AA /* Foundation.framework in Frameworks */,
			);
			runOnlyForDeploymentPostprocessing = 0;
		};
		A5B1A11C19A33A85009863AA /* Frameworks */ = {
			isa = PBXFrameworksBuildPhase;
			buildActionMask = 2147483647;
			files = (
				A5B1A12119A33A85009863AA /* XCTest.framework in Frameworks */,
				A5B1A12319A33A85009863AA /* UIKit.framework in Frameworks */,
				A5B1A12219A33A85009863AA /* Foundation.framework in Frameworks */,
			);
			runOnlyForDeploymentPostprocessing = 0;
		};
/* End PBXFrameworksBuildPhase section */

/* Begin PBXGroup section */
		A518658E19A35CDF0023F236 /* Resources */ = {
			isa = PBXGroup;
			children = (
				A518659919A361FD0023F236 /* diary.png */,
				A518659A19A361FE0023F236 /* location.png */,
				A518659719A361C90023F236 /* about.png */,
				A518658F19A35D0C0023F236 /* liuming.png */,
				A518659019A35D0C0023F236 /* liuming@2x.png */,
				A518659119A35D0C0023F236 /* zhuge.png */,
				A518659219A35D0C0023F236 /* zhuge@2x.png */,
			);
			name = Resources;
			sourceTree = "<group>";
		};
		A555FC7019B888480015DD7F /* Model */ = {
			isa = PBXGroup;
			children = (
				A5AE941419A6DAEC003CA51A /* Diary.h */,
				A5AE941519A6DAEC003CA51A /* Diary.m */,
				A555FC7219B88C270015DD7F /* ImageStore.h */,
				A555FC7319B88C270015DD7F /* ImageStore.m */,
				A555FC7919B99A120015DD7F /* DiaryStore.h */,
				A555FC7A19B99A120015DD7F /* DiaryStore.m */,
			);
			name = Model;
			path = mode;
			sourceTree = "<group>";
		};
		A555FC7119B888960015DD7F /* App */ = {
			isa = PBXGroup;
			children = (
				A5B1A11019A33A85009863AA /* AppDelegate.h */,
				A5B1A11119A33A85009863AA /* AppDelegate.m */,
			);
			path = App;
			sourceTree = "<group>";
		};
		A555FC7519B896230015DD7F /* Controller */ = {
			isa = PBXGroup;
			children = (
				A5B1A11619A33A85009863AA /* AboutViewController.h */,
				A5B1A11719A33A85009863AA /* AboutViewController.m */,
				A518659F19A364950023F236 /* LocationViewController.h */,
				A51865A019A364950023F236 /* LocationViewController.m */,
				A51FC8D719A36F2800D25040 /* DiaryListViewController.h */,
				A51FC8D819A36F2800D25040 /* DiaryListViewController.m */,
				A5AE940E19A5DF87003CA51A /* DetailDiaryViewController.h */,
				A5AE940F19A5DF87003CA51A /* DetailDiaryViewController.m */,
				A5A52A3C19B81CFE00F9F919 /* CreateDiaryViewController.h */,
				A5A52A3D19B81CFE00F9F919 /* CreateDiaryViewController.m */,
				A555FC6D19B8669B0015DD7F /* CameraViewController.m */,
				A555FC6C19B8669B0015DD7F /* CameraViewController.h */,
				A5472D7419C17FCD00AAB1D5 /* RecordViewController.h */,
				A5472D7519C17FCD00AAB1D5 /* RecordViewController.m */,
				A5472D7C19C1D17300AAB1D5 /* ScrollViewController.h */,
				A5472D7D19C1D17300AAB1D5 /* ScrollViewController.m */,
			);
			name = Controller;
			path = mode/Controller;
			sourceTree = "<group>";
		};
		A5B1A0F519A33A85009863AA = {
			isa = PBXGroup;
			children = (
				A518658E19A35CDF0023F236 /* Resources */,
				A5B1A10719A33A85009863AA /* MyDiary */,
				A5B1A12619A33A85009863AA /* MyDiaryTests */,
				A5B1A10019A33A85009863AA /* Frameworks */,
				A5B1A0FF19A33A85009863AA /* Products */,
			);
			sourceTree = "<group>";
		};
		A5B1A0FF19A33A85009863AA /* Products */ = {
			isa = PBXGroup;
			children = (
				A5B1A0FE19A33A85009863AA /* MyDiary.app */,
				A5B1A11F19A33A85009863AA /* MyDiaryTests.xctest */,
			);
			name = Products;
			sourceTree = "<group>";
		};
		A5B1A10019A33A85009863AA /* Frameworks */ = {
			isa = PBXGroup;
			children = (
				A5472D7919C1B15300AAB1D5 /* AVFoundation.framework */,
				A518659D19A3635F0023F236 /* CoreLocation.framework */,
				A5B1A10119A33A85009863AA /* Foundation.framework */,
				A5B1A10319A33A85009863AA /* CoreGraphics.framework */,
				A5B1A10519A33A85009863AA /* UIKit.framework */,
				A5B1A12019A33A85009863AA /* XCTest.framework */,
			);
			name = Frameworks;
			sourceTree = "<group>";
		};
		A5B1A10719A33A85009863AA /* MyDiary */ = {
			isa = PBXGroup;
			children = (
				A555FC7119B888960015DD7F /* App */,
				A555FC7019B888480015DD7F /* Model */,
				A555FC7519B896230015DD7F /* Controller */,
				A5B1A11319A33A85009863AA /* Main.storyboard */,
				A5B1A11919A33A85009863AA /* Images.xcassets */,
				A5B1A10819A33A85009863AA /* Supporting Files */,
			);
			path = MyDiary;
			sourceTree = "<group>";
		};
		A5B1A10819A33A85009863AA /* Supporting Files */ = {
			isa = PBXGroup;
			children = (
				A5B1A10919A33A85009863AA /* MyDiary-Info.plist */,
				A5B1A10A19A33A85009863AA /* InfoPlist.strings */,
				A5B1A10D19A33A85009863AA /* main.m */,
				A5B1A10F19A33A85009863AA /* MyDiary-Prefix.pch */,
			);
			name = "Supporting Files";
			sourceTree = "<group>";
		};
		A5B1A12619A33A85009863AA /* MyDiaryTests */ = {
			isa = PBXGroup;
			children = (
				A5B1A12C19A33A85009863AA /* MyDiaryTests.m */,
				A5B1A12719A33A85009863AA /* Supporting Files */,
			);
			path = MyDiaryTests;
			sourceTree = "<group>";
		};
		A5B1A12719A33A85009863AA /* Supporting Files */ = {
			isa = PBXGroup;
			children = (
				A5B1A12819A33A85009863AA /* MyDiaryTests-Info.plist */,
				A5B1A12919A33A85009863AA /* InfoPlist.strings */,
			);
			name = "Supporting Files";
			sourceTree = "<group>";
		};
/* End PBXGroup section */

/* Begin PBXNativeTarget section */
		A5B1A0FD19A33A85009863AA /* MyDiary */ = {
			isa = PBXNativeTarget;
			buildConfigurationList = A5B1A13019A33A85009863AA /* Build configuration list for PBXNativeTarget "MyDiary" */;
			buildPhases = (
				A5B1A0FA19A33A85009863AA /* Sources */,
				A5B1A0FB19A33A85009863AA /* Frameworks */,
				A5B1A0FC19A33A85009863AA /* Resources */,
			);
			buildRules = (
			);
			dependencies = (
			);
			name = MyDiary;
			productName = MyDiary;
			productReference = A5B1A0FE19A33A85009863AA /* MyDiary.app */;
			productType = "com.apple.product-type.application";
		};
		A5B1A11E19A33A85009863AA /* MyDiaryTests */ = {
			isa = PBXNativeTarget;
			buildConfigurationList = A5B1A13319A33A85009863AA /* Build configuration list for PBXNativeTarget "MyDiaryTests" */;
			buildPhases = (
				A5B1A11B19A33A85009863AA /* Sources */,
				A5B1A11C19A33A85009863AA /* Frameworks */,
				A5B1A11D19A33A85009863AA /* Resources */,
			);
			buildRules = (
			);
			dependencies = (
				A5B1A12519A33A85009863AA /* PBXTargetDependency */,
			);
			name = MyDiaryTests;
			productName = MyDiaryTests;
			productReference = A5B1A11F19A33A85009863AA /* MyDiaryTests.xctest */;
			productType = "com.apple.product-type.bundle.unit-test";
		};
/* End PBXNativeTarget section */

/* Begin PBXProject section */
		A5B1A0F619A33A85009863AA /* Project object */ = {
			isa = PBXProject;
			attributes = {
				LastUpgradeCheck = 0510;
				ORGANIZATIONNAME = yy;
				TargetAttributes = {
					A5B1A11E19A33A85009863AA = {
						TestTargetID = A5B1A0FD19A33A85009863AA;
					};
				};
			};
			buildConfigurationList = A5B1A0F919A33A85009863AA /* Build configuration list for PBXProject "MyDiary" */;
			compatibilityVersion = "Xcode 3.2";
			developmentRegion = English;
			hasScannedForEncodings = 0;
			knownRegions = (
				en,
				Base,
			);
			mainGroup = A5B1A0F519A33A85009863AA;
			productRefGroup = A5B1A0FF19A33A85009863AA /* Products */;
			projectDirPath = "";
			projectRoot = "";
			targets = (
				A5B1A0FD19A33A85009863AA /* MyDiary */,
				A5B1A11E19A33A85009863AA /* MyDiaryTests */,
			);
		};
/* End PBXProject section */

/* Begin PBXResourcesBuildPhase section */
		A5B1A0FC19A33A85009863AA /* Resources */ = {
			isa = PBXResourcesBuildPhase;
			buildActionMask = 2147483647;
			files = (
				A5B1A11A19A33A85009863AA /* Images.xcassets in Resources */,
				A518659519A35D0C0023F236 /* zhuge.png in Resources */,
				A518659C19A361FE0023F236 /* location.png in Resources */,
				A5B1A10C19A33A85009863AA /* InfoPlist.strings in Resources */,
				A518659419A35D0C0023F236 /* liuming@2x.png in Resources */,
				A5B1A11519A33A85009863AA /* Main.storyboard in Resources */,
				A518659619A35D0C0023F236 /* zhuge@2x.png in Resources */,
				A518659319A35D0C0023F236 /* liuming.png in Resources */,
				A518659B19A361FE0023F236 /* diary.png in Resources */,
				A518659819A361C90023F236 /* about.png in Resources */,
			);
			runOnlyForDeploymentPostprocessing = 0;
		};
		A5B1A11D19A33A85009863AA /* Resources */ = {
			isa = PBXResourcesBuildPhase;
			buildActionMask = 2147483647;
			files = (
				A5B1A12B19A33A85009863AA /* InfoPlist.strings in Resources */,
			);
			runOnlyForDeploymentPostprocessing = 0;
		};
/* End PBXResourcesBuildPhase section */

/* Begin PBXSourcesBuildPhase section */
		A5B1A0FA19A33A85009863AA /* Sources */ = {
			isa = PBXSourcesBuildPhase;
			buildActionMask = 2147483647;
			files = (
				A5472D7B19C1B6FD00AAB1D5 /* RecordViewController.h in Sources */,
				A5B1A11819A33A85009863AA /* AboutViewController.m in Sources */,
				A5AE941619A6DAEC003CA51A /* Diary.m in Sources */,
				A5A52A3E19B81CFE00F9F919 /* CreateDiaryViewController.m in Sources */,
				A5472D7619C17FCD00AAB1D5 /* RecordViewController.m in Sources */,
				A5AE941019A5DF87003CA51A /* DetailDiaryViewController.m in Sources */,
				A5B1A11219A33A85009863AA /* AppDelegate.m in Sources */,
				A5472D7E19C1D17300AAB1D5 /* ScrollViewController.m in Sources */,
				A5B1A10E19A33A85009863AA /* main.m in Sources */,
				A555FC6E19B8669B0015DD7F /* CameraViewController.m in Sources */,
				A555FC7B19B99A120015DD7F /* DiaryStore.m in Sources */,
				A555FC7419B88C270015DD7F /* ImageStore.m in Sources */,
				A51FC8D919A36F2800D25040 /* DiaryListViewController.m in Sources */,
				A51865A119A364950023F236 /* LocationViewController.m in Sources */,
			);
			runOnlyForDeploymentPostprocessing = 0;
		};
		A5B1A11B19A33A85009863AA /* Sources */ = {
			isa = PBXSourcesBuildPhase;
			buildActionMask = 2147483647;
			files = (
				A5B1A12D19A33A85009863AA /* MyDiaryTests.m in Sources */,
			);
			runOnlyForDeploymentPostprocessing = 0;
		};
/* End PBXSourcesBuildPhase section */

/* Begin PBXTargetDependency section */
		A5B1A12519A33A85009863AA /* PBXTargetDependency */ = {
			isa = PBXTargetDependency;
			target = A5B1A0FD19A33A85009863AA /* MyDiary */;
			targetProxy = A5B1A12419A33A85009863AA /* PBXContainerItemProxy */;
		};
/* End PBXTargetDependency section */

/* Begin PBXVariantGroup section */
		A5B1A10A19A33A85009863AA /* InfoPlist.strings */ = {
			isa = PBXVariantGroup;
			children = (
				A5B1A10B19A33A85009863AA /* en */,
			);
			name = InfoPlist.strings;
			sourceTree = "<group>";
		};
		A5B1A11319A33A85009863AA /* Main.storyboard */ = {
			isa = PBXVariantGroup;
			children = (
				A5B1A11419A33A85009863AA /* Base */,
			);
			name = Main.storyboard;
			sourceTree = "<group>";
		};
		A5B1A12919A33A85009863AA /* InfoPlist.strings */ = {
			isa = PBXVariantGroup;
			children = (
				A5B1A12A19A33A85009863AA /* en */,
			);
			name = InfoPlist.strings;
			sourceTree = "<group>";
		};
/* End PBXVariantGroup section */

/* Begin XCBuildConfiguration section */
		A5B1A12E19A33A85009863AA /* Debug */ = {
			isa = XCBuildConfiguration;
			buildSettings = {
				ALWAYS_SEARCH_USER_PATHS = NO;
				CLANG_CXX_LANGUAGE_STANDARD = "gnu++0x";
				CLANG_CXX_LIBRARY = "libc++";
				CLANG_ENABLE_MODULES = YES;
				CLANG_ENABLE_OBJC_ARC = YES;
				CLANG_WARN_BOOL_CONVERSION = YES;
				CLANG_WARN_CONSTANT_CONVERSION = YES;
				CLANG_WARN_DIRECT_OBJC_ISA_USAGE = YES_ERROR;
				CLANG_WARN_EMPTY_BODY = YES;
				CLANG_WARN_ENUM_CONVERSION = YES;
				CLANG_WARN_INT_CONVERSION = YES;
				CLANG_WARN_OBJC_ROOT_CLASS = YES_ERROR;
				CLANG_WARN__DUPLICATE_METHOD_MATCH = YES;
				"CODE_SIGN_IDENTITY[sdk=iphoneos*]" = "iPhone Developer";
				COPY_PHASE_STRIP = NO;
				GCC_C_LANGUAGE_STANDARD = gnu99;
				GCC_DYNAMIC_NO_PIC = NO;
				GCC_OPTIMIZATION_LEVEL = 0;
				GCC_PREPROCESSOR_DEFINITIONS = (
					"DEBUG=1",
					"$(inherited)",
				);
				GCC_SYMBOLS_PRIVATE_EXTERN = NO;
				GCC_WARN_64_TO_32_BIT_CONVERSION = YES;
				GCC_WARN_ABOUT_RETURN_TYPE = YES_ERROR;
				GCC_WARN_UNDECLARED_SELECTOR = YES;
				GCC_WARN_UNINITIALIZED_AUTOS = YES_AGGRESSIVE;
				GCC_WARN_UNUSED_FUNCTION = YES;
				GCC_WARN_UNUSED_VARIABLE = YES;
				IPHONEOS_DEPLOYMENT_TARGET = 7.1;
				ONLY_ACTIVE_ARCH = YES;
				SDKROOT = iphoneos;
			};
			name = Debug;
		};
		A5B1A12F19A33A85009863AA /* Release */ = {
			isa = XCBuildConfiguration;
			buildSettings = {
				ALWAYS_SEARCH_USER_PATHS = NO;
				CLANG_CXX_LANGUAGE_STANDARD = "gnu++0x";
				CLANG_CXX_LIBRARY = "libc++";
				CLANG_ENABLE_MODULES = YES;
				CLANG_ENABLE_OBJC_ARC = YES;
				CLANG_WARN_BOOL_CONVERSION = YES;
				CLANG_WARN_CONSTANT_CONVERSION = YES;
				CLANG_WARN_DIRECT_OBJC_ISA_USAGE = YES_ERROR;
				CLANG_WARN_EMPTY_BODY = YES;
				CLANG_WARN_ENUM_CONVERSION = YES;
				CLANG_WARN_INT_CONVERSION = YES;
				CLANG_WARN_OBJC_ROOT_CLASS = YES_ERROR;
				CLANG_WARN__DUPLICATE_METHOD_MATCH = YES;
				"CODE_SIGN_IDENTITY[sdk=iphoneos*]" = "iPhone Developer";
				COPY_PHASE_STRIP = YES;
				ENABLE_NS_ASSERTIONS = NO;
				GCC_C_LANGUAGE_STANDARD = gnu99;
				GCC_WARN_64_TO_32_BIT_CONVERSION = YES;
				GCC_WARN_ABOUT_RETURN_TYPE = YES_ERROR;
				GCC_WARN_UNDECLARED_SELECTOR = YES;
				GCC_WARN_UNINITIALIZED_AUTOS = YES_AGGRESSIVE;
				GCC_WARN_UNUSED_FUNCTION = YES;
				GCC_WARN_UNUSED_VARIABLE = YES;
				IPHONEOS_DEPLOYMENT_TARGET = 7.1;
				SDKROOT = iphoneos;
				VALIDATE_PRODUCT = YES;
			};
			name = Release;
		};
		A5B1A13119A33A85009863AA /* Debug */ = {
			isa = XCBuildConfiguration;
			buildSettings = {
				ASSETCATALOG_COMPILER_APPICON_NAME = AppIcon;
				ASSETCATALOG_COMPILER_LAUNCHIMAGE_NAME = LaunchImage;
				CODE_SIGN_IDENTITY = "iPhone Developer";
				GCC_PRECOMPILE_PREFIX_HEADER = YES;
				GCC_PREFIX_HEADER = "MyDiary/MyDiary-Prefix.pch";
				INFOPLIST_FILE = "MyDiary/MyDiary-Info.plist";
				PRODUCT_NAME = "$(TARGET_NAME)";
				WRAPPER_EXTENSION = app;
			};
			name = Debug;
		};
		A5B1A13219A33A85009863AA /* Release */ = {
			isa = XCBuildConfiguration;
			buildSettings = {
				ASSETCATALOG_COMPILER_APPICON_NAME = AppIcon;
				ASSETCATALOG_COMPILER_LAUNCHIMAGE_NAME = LaunchImage;
				CODE_SIGN_IDENTITY = "iPhone Developer";
				GCC_PRECOMPILE_PREFIX_HEADER = YES;
				GCC_PREFIX_HEADER = "MyDiary/MyDiary-Prefix.pch";
				INFOPLIST_FILE = "MyDiary/MyDiary-Info.plist";
				PRODUCT_NAME = "$(TARGET_NAME)";
				WRAPPER_EXTENSION = app;
			};
			name = Release;
		};
		A5B1A13419A33A85009863AA /* Debug */ = {
			isa = XCBuildConfiguration;
			buildSettings = {
				BUNDLE_LOADER = "$(BUILT_PRODUCTS_DIR)/MyDiary.app/MyDiary";
				FRAMEWORK_SEARCH_PATHS = (
					"$(SDKROOT)/Developer/Library/Frameworks",
					"$(inherited)",
					"$(DEVELOPER_FRAMEWORKS_DIR)",
				);
				GCC_PRECOMPILE_PREFIX_HEADER = YES;
				GCC_PREFIX_HEADER = "MyDiary/MyDiary-Prefix.pch";
				GCC_PREPROCESSOR_DEFINITIONS = (
					"DEBUG=1",
					"$(inherited)",
				);
				INFOPLIST_FILE = "MyDiaryTests/MyDiaryTests-Info.plist";
				PRODUCT_NAME = "$(TARGET_NAME)";
				TEST_HOST = "$(BUNDLE_LOADER)";
				WRAPPER_EXTENSION = xctest;
			};
			name = Debug;
		};
		A5B1A13519A33A85009863AA /* Release */ = {
			isa = XCBuildConfiguration;
			buildSettings = {
				BUNDLE_LOADER = "$(BUILT_PRODUCTS_DIR)/MyDiary.app/MyDiary";
				FRAMEWORK_SEARCH_PATHS = (
					"$(SDKROOT)/Developer/Library/Frameworks",
					"$(inherited)",
					"$(DEVELOPER_FRAMEWORKS_DIR)",
				);
				GCC_PRECOMPILE_PREFIX_HEADER = YES;
				GCC_PREFIX_HEADER = "MyDiary/MyDiary-Prefix.pch";
				INFOPLIST_FILE = "MyDiaryTests/MyDiaryTests-Info.plist";
				PRODUCT_NAME = "$(TARGET_NAME)";
				TEST_HOST = "$(BUNDLE_LOADER)";
				WRAPPER_EXTENSION = xctest;
			};
			name = Release;
		};
/* End XCBuildConfiguration section */

/* Begin XCConfigurationList section */
		A5B1A0F919A33A85009863AA /* Build configuration list for PBXProject "MyDiary" */ = {
			isa = XCConfigurationList;
			buildConfigurations = (
				A5B1A12E19A33A85009863AA /* Debug */,
				A5B1A12F19A33A85009863AA /* Release */,
			);
			defaultConfigurationIsVisible = 0;
			defaultConfigurationName = Release;
		};
		A5B1A13019A33A85009863AA /* Build configuration list for PBXNativeTarget "MyDiary" */ = {
			isa = XCConfigurationList;
			buildConfigurations = (
				A5B1A13119A33A85009863AA /* Debug */,
				A5B1A13219A33A85009863AA /* Release */,
			);
			defaultConfigurationIsVisible = 0;
			defaultConfigurationName = Release;
		};
		A5B1A13319A33A85009863AA /* Build configuration list for PBXNativeTarget "MyDiaryTests" */ = {
			isa = XCConfigurationList;
			buildConfigurations = (
				A5B1A13419A33A85009863AA /* Debug */,
				A5B1A13519A33A85009863AA /* Release */,
			);
			defaultConfigurationIsVisible = 0;
			defaultConfigurationName = Release;
		};
/* End XCConfigurationList section */
	};
	rootObject = A5B1A0F619A33A85009863AA /* Project object */;
}
