// !$*UTF8*$!
{
	archiveVersion = 1;
	classes = {
	};
	objectVersion = 46;
	objects = {

/* Begin PBXBuildFile section */
		A58F729D19EBF4EB00209ACB /* main.m in Sources */ = {isa = PBXBuildFile; fileRef = A58F729C19EBF4EB00209ACB /* main.m */; };
		A58F72A019EBF4EB00209ACB /* AppDelegate.m in Sources */ = {isa = PBXBuildFile; fileRef = A58F729F19EBF4EB00209ACB /* AppDelegate.m */; };
		A58F72A319EBF4EB00209ACB /* TestLibraryMaster.xcdatamodeld in Sources */ = {isa = PBXBuildFile; fileRef = A58F72A119EBF4EB00209ACB /* TestLibraryMaster.xcdatamodeld */; };
		A58F72A619EBF4EB00209ACB /* ViewController.m in Sources */ = {isa = PBXBuildFile; fileRef = A58F72A519EBF4EB00209ACB /* ViewController.m */; };
		A58F72A919EBF4EB00209ACB /* Main.storyboard in Resources */ = {isa = PBXBuildFile; fileRef = A58F72A719EBF4EB00209ACB /* Main.storyboard */; };
		A58F72AB19EBF4EB00209ACB /* Images.xcassets in Resources */ = {isa = PBXBuildFile; fileRef = A58F72AA19EBF4EB00209ACB /* Images.xcassets */; };
		A58F72AE19EBF4EB00209ACB /* LaunchScreen.xib in Resources */ = {isa = PBXBuildFile; fileRef = A58F72AC19EBF4EB00209ACB /* LaunchScreen.xib */; };
		A58F72BA19EBF4EB00209ACB /* TestLibraryMasterTests.m in Sources */ = {isa = PBXBuildFile; fileRef = A58F72B919EBF4EB00209ACB /* TestLibraryMasterTests.m */; };
/* End PBXBuildFile section */

/* Begin PBXContainerItemProxy section */
		A58F72B419EBF4EB00209ACB /* PBXContainerItemProxy */ = {
			isa = PBXContainerItemProxy;
			containerPortal = A58F728F19EBF4EB00209ACB /* Project object */;
			proxyType = 1;
			remoteGlobalIDString = A58F729619EBF4EB00209ACB;
			remoteInfo = TestLibraryMaster;
		};
/* End PBXContainerItemProxy section */

/* Begin PBXFileReference section */
		A58F729719EBF4EB00209ACB /* TestLibraryMaster.app */ = {isa = PBXFileReference; explicitFileType = wrapper.application; includeInIndex = 0; path = TestLibraryMaster.app; sourceTree = BUILT_PRODUCTS_DIR; };
		A58F729B19EBF4EB00209ACB /* Info.plist */ = {isa = PBXFileReference; lastKnownFileType = text.plist.xml; path = Info.plist; sourceTree = "<group>"; };
		A58F729C19EBF4EB00209ACB /* main.m */ = {isa = PBXFileReference; lastKnownFileType = sourcecode.c.objc; path = main.m; sourceTree = "<group>"; };
		A58F729E19EBF4EB00209ACB /* AppDelegate.h */ = {isa = PBXFileReference; lastKnownFileType = sourcecode.c.h; path = AppDelegate.h; sourceTree = "<group>"; };
		A58F729F19EBF4EB00209ACB /* AppDelegate.m */ = {isa = PBXFileReference; lastKnownFileType = sourcecode.c.objc; path = AppDelegate.m; sourceTree = "<group>"; };
		A58F72A219EBF4EB00209ACB /* TestLibraryMaster.xcdatamodel */ = {isa = PBXFileReference; lastKnownFileType = wrapper.xcdatamodel; path = TestLibraryMaster.xcdatamodel; sourceTree = "<group>"; };
		A58F72A419EBF4EB00209ACB /* ViewController.h */ = {isa = PBXFileReference; lastKnownFileType = sourcecode.c.h; path = ViewController.h; sourceTree = "<group>"; };
		A58F72A519EBF4EB00209ACB /* ViewController.m */ = {isa = PBXFileReference; lastKnownFileType = sourcecode.c.objc; path = ViewController.m; sourceTree = "<group>"; };
		A58F72A819EBF4EB00209ACB /* Base */ = {isa = PBXFileReference; lastKnownFileType = file.storyboard; name = Base; path = Base.lproj/Main.storyboard; sourceTree = "<group>"; };
		A58F72AA19EBF4EB00209ACB /* Images.xcassets */ = {isa = PBXFileReference; lastKnownFileType = folder.assetcatalog; path = Images.xcassets; sourceTree = "<group>"; };
		A58F72AD19EBF4EB00209ACB /* Base */ = {isa = PBXFileReference; lastKnownFileType = file.xib; name = Base; path = Base.lproj/LaunchScreen.xib; sourceTree = "<group>"; };
		A58F72B319EBF4EB00209ACB /* TestLibraryMasterTests.xctest */ = {isa = PBXFileReference; explicitFileType = wrapper.cfbundle; includeInIndex = 0; path = TestLibraryMasterTests.xctest; sourceTree = BUILT_PRODUCTS_DIR; };
		A58F72B819EBF4EB00209ACB /* Info.plist */ = {isa = PBXFileReference; lastKnownFileType = text.plist.xml; path = Info.plist; sourceTree = "<group>"; };
		A58F72B919EBF4EB00209ACB /* TestLibraryMasterTests.m */ = {isa = PBXFileReference; lastKnownFileType = sourcecode.c.objc; path = TestLibraryMasterTests.m; sourceTree = "<group>"; };
/* End PBXFileReference section */

/* Begin PBXFrameworksBuildPhase section */
		A58F729419EBF4EB00209ACB /* Frameworks */ = {
			isa = PBXFrameworksBuildPhase;
			buildActionMask = 2147483647;
			files = (
			);
			runOnlyForDeploymentPostprocessing = 0;
		};
		A58F72B019EBF4EB00209ACB /* Frameworks */ = {
			isa = PBXFrameworksBuildPhase;
			buildActionMask = 2147483647;
			files = (
			);
			runOnlyForDeploymentPostprocessing = 0;
		};
/* End PBXFrameworksBuildPhase section */

/* Begin PBXGroup section */
		A58F728E19EBF4EB00209ACB = {
			isa = PBXGroup;
			children = (
				A58F729919EBF4EB00209ACB /* TestLibraryMaster */,
				A58F72B619EBF4EB00209ACB /* TestLibraryMasterTests */,
				A58F729819EBF4EB00209ACB /* Products */,
			);
			sourceTree = "<group>";
		};
		A58F729819EBF4EB00209ACB /* Products */ = {
			isa = PBXGroup;
			children = (
				A58F729719EBF4EB00209ACB /* TestLibraryMaster.app */,
				A58F72B319EBF4EB00209ACB /* TestLibraryMasterTests.xctest */,
			);
			name = Products;
			sourceTree = "<group>";
		};
		A58F729919EBF4EB00209ACB /* TestLibraryMaster */ = {
			isa = PBXGroup;
			children = (
				A58F729E19EBF4EB00209ACB /* AppDelegate.h */,
				A58F729F19EBF4EB00209ACB /* AppDelegate.m */,
				A58F72A419EBF4EB00209ACB /* ViewController.h */,
				A58F72A519EBF4EB00209ACB /* ViewController.m */,
				A58F72A719EBF4EB00209ACB /* Main.storyboard */,
				A58F72AA19EBF4EB00209ACB /* Images.xcassets */,
				A58F72AC19EBF4EB00209ACB /* LaunchScreen.xib */,
				A58F72A119EBF4EB00209ACB /* TestLibraryMaster.xcdatamodeld */,
				A58F729A19EBF4EB00209ACB /* Supporting Files */,
			);
			path = TestLibraryMaster;
			sourceTree = "<group>";
		};
		A58F729A19EBF4EB00209ACB /* Supporting Files */ = {
			isa = PBXGroup;
			children = (
				A58F729B19EBF4EB00209ACB /* Info.plist */,
				A58F729C19EBF4EB00209ACB /* main.m */,
			);
			name = "Supporting Files";
			sourceTree = "<group>";
		};
		A58F72B619EBF4EB00209ACB /* TestLibraryMasterTests */ = {
			isa = PBXGroup;
			children = (
				A58F72B919EBF4EB00209ACB /* TestLibraryMasterTests.m */,
				A58F72B719EBF4EB00209ACB /* Supporting Files */,
			);
			path = TestLibraryMasterTests;
			sourceTree = "<group>";
		};
		A58F72B719EBF4EB00209ACB /* Supporting Files */ = {
			isa = PBXGroup;
			children = (
				A58F72B819EBF4EB00209ACB /* Info.plist */,
			);
			name = "Supporting Files";
			sourceTree = "<group>";
		};
/* End PBXGroup section */

/* Begin PBXNativeTarget section */
		A58F729619EBF4EB00209ACB /* TestLibraryMaster */ = {
			isa = PBXNativeTarget;
			buildConfigurationList = A58F72BD19EBF4EB00209ACB /* Build configuration list for PBXNativeTarget "TestLibraryMaster" */;
			buildPhases = (
				A58F729319EBF4EB00209ACB /* Sources */,
				A58F729419EBF4EB00209ACB /* Frameworks */,
				A58F729519EBF4EB00209ACB /* Resources */,
			);
			buildRules = (
			);
			dependencies = (
			);
			name = TestLibraryMaster;
			productName = TestLibraryMaster;
			productReference = A58F729719EBF4EB00209ACB /* TestLibraryMaster.app */;
			productType = "com.apple.product-type.application";
		};
		A58F72B219EBF4EB00209ACB /* TestLibraryMasterTests */ = {
			isa = PBXNativeTarget;
			buildConfigurationList = A58F72C019EBF4EB00209ACB /* Build configuration list for PBXNativeTarget "TestLibraryMasterTests" */;
			buildPhases = (
				A58F72AF19EBF4EB00209ACB /* Sources */,
				A58F72B019EBF4EB00209ACB /* Frameworks */,
				A58F72B119EBF4EB00209ACB /* Resources */,
			);
			buildRules = (
			);
			dependencies = (
				A58F72B519EBF4EB00209ACB /* PBXTargetDependency */,
			);
			name = TestLibraryMasterTests;
			productName = TestLibraryMasterTests;
			productReference = A58F72B319EBF4EB00209ACB /* TestLibraryMasterTests.xctest */;
			productType = "com.apple.product-type.bundle.unit-test";
		};
/* End PBXNativeTarget section */

/* Begin PBXProject section */
		A58F728F19EBF4EB00209ACB /* Project object */ = {
			isa = PBXProject;
			attributes = {
				LastUpgradeCheck = 0600;
				ORGANIZATIONNAME = "Lu Quanhong";
				TargetAttributes = {
					A58F729619EBF4EB00209ACB = {
						CreatedOnToolsVersion = 6.0.1;
					};
					A58F72B219EBF4EB00209ACB = {
						CreatedOnToolsVersion = 6.0.1;
						TestTargetID = A58F729619EBF4EB00209ACB;
					};
				};
			};
			buildConfigurationList = A58F729219EBF4EB00209ACB /* Build configuration list for PBXProject "TestLibraryMaster" */;
			compatibilityVersion = "Xcode 3.2";
			developmentRegion = English;
			hasScannedForEncodings = 0;
			knownRegions = (
				en,
				Base,
			);
			mainGroup = A58F728E19EBF4EB00209ACB;
			productRefGroup = A58F729819EBF4EB00209ACB /* Products */;
			projectDirPath = "";
			projectRoot = "";
			targets = (
				A58F729619EBF4EB00209ACB /* TestLibraryMaster */,
				A58F72B219EBF4EB00209ACB /* TestLibraryMasterTests */,
			);
		};
/* End PBXProject section */

/* Begin PBXResourcesBuildPhase section */
		A58F729519EBF4EB00209ACB /* Resources */ = {
			isa = PBXResourcesBuildPhase;
			buildActionMask = 2147483647;
			files = (
				A58F72A919EBF4EB00209ACB /* Main.storyboard in Resources */,
				A58F72AE19EBF4EB00209ACB /* LaunchScreen.xib in Resources */,
				A58F72AB19EBF4EB00209ACB /* Images.xcassets in Resources */,
			);
			runOnlyForDeploymentPostprocessing = 0;
		};
		A58F72B119EBF4EB00209ACB /* Resources */ = {
			isa = PBXResourcesBuildPhase;
			buildActionMask = 2147483647;
			files = (
			);
			runOnlyForDeploymentPostprocessing = 0;
		};
/* End PBXResourcesBuildPhase section */

/* Begin PBXSourcesBuildPhase section */
		A58F729319EBF4EB00209ACB /* Sources */ = {
			isa = PBXSourcesBuildPhase;
			buildActionMask = 2147483647;
			files = (
				A58F72A019EBF4EB00209ACB /* AppDelegate.m in Sources */,
				A58F729D19EBF4EB00209ACB /* main.m in Sources */,
				A58F72A619EBF4EB00209ACB /* ViewController.m in Sources */,
				A58F72A319EBF4EB00209ACB /* TestLibraryMaster.xcdatamodeld in Sources */,
			);
			runOnlyForDeploymentPostprocessing = 0;
		};
		A58F72AF19EBF4EB00209ACB /* Sources */ = {
			isa = PBXSourcesBuildPhase;
			buildActionMask = 2147483647;
			files = (
				A58F72BA19EBF4EB00209ACB /* TestLibraryMasterTests.m in Sources */,
			);
			runOnlyForDeploymentPostprocessing = 0;
		};
/* End PBXSourcesBuildPhase section */

/* Begin PBXTargetDependency section */
		A58F72B519EBF4EB00209ACB /* PBXTargetDependency */ = {
			isa = PBXTargetDependency;
			target = A58F729619EBF4EB00209ACB /* TestLibraryMaster */;
			targetProxy = A58F72B419EBF4EB00209ACB /* PBXContainerItemProxy */;
		};
/* End PBXTargetDependency section */

/* Begin PBXVariantGroup section */
		A58F72A719EBF4EB00209ACB /* Main.storyboard */ = {
			isa = PBXVariantGroup;
			children = (
				A58F72A819EBF4EB00209ACB /* Base */,
			);
			name = Main.storyboard;
			sourceTree = "<group>";
		};
		A58F72AC19EBF4EB00209ACB /* LaunchScreen.xib */ = {
			isa = PBXVariantGroup;
			children = (
				A58F72AD19EBF4EB00209ACB /* Base */,
			);
			name = LaunchScreen.xib;
			sourceTree = "<group>";
		};
/* End PBXVariantGroup section */

/* Begin XCBuildConfiguration section */
		A58F72BB19EBF4EB00209ACB /* Debug */ = {
			isa = XCBuildConfiguration;
			buildSettings = {
				ALWAYS_SEARCH_USER_PATHS = NO;
				CLANG_CXX_LANGUAGE_STANDARD = "gnu++0x";
				CLANG_CXX_LIBRARY = "libc++";
				CLANG_ENABLE_MODULES = YES;
				CLANG_ENABLE_OBJC_ARC = YES;
				CLANG_WARN_BOOL_CONVERSION = YES;
				CLANG_WARN_CONSTANT_CONVERSION = YES;
				CLANG_WARN_DIRECT_OBJC_ISA_USAGE = YES_ERROR;
				CLANG_WARN_EMPTY_BODY = YES;
				CLANG_WARN_ENUM_CONVERSION = YES;
				CLANG_WARN_INT_CONVERSION = YES;
				CLANG_WARN_OBJC_ROOT_CLASS = YES_ERROR;
				CLANG_WARN_UNREACHABLE_CODE = YES;
				CLANG_WARN__DUPLICATE_METHOD_MATCH = YES;
				"CODE_SIGN_IDENTITY[sdk=iphoneos*]" = "iPhone Developer";
				COPY_PHASE_STRIP = NO;
				ENABLE_STRICT_OBJC_MSGSEND = YES;
				GCC_C_LANGUAGE_STANDARD = gnu99;
				GCC_DYNAMIC_NO_PIC = NO;
				GCC_OPTIMIZATION_LEVEL = 0;
				GCC_PREPROCESSOR_DEFINITIONS = (
					"DEBUG=1",
					"$(inherited)",
				);
				GCC_SYMBOLS_PRIVATE_EXTERN = NO;
				GCC_WARN_64_TO_32_BIT_CONVERSION = YES;
				GCC_WARN_ABOUT_RETURN_TYPE = YES_ERROR;
				GCC_WARN_UNDECLARED_SELECTOR = YES;
				GCC_WARN_UNINITIALIZED_AUTOS = YES_AGGRESSIVE;
				GCC_WARN_UNUSED_FUNCTION = YES;
				GCC_WARN_UNUSED_VARIABLE = YES;
				IPHONEOS_DEPLOYMENT_TARGET = 8.0;
				MTL_ENABLE_DEBUG_INFO = YES;
				ONLY_ACTIVE_ARCH = YES;
				SDKROOT = iphoneos;
			};
			name = Debug;
		};
		A58F72BC19EBF4EB00209ACB /* Release */ = {
			isa = XCBuildConfiguration;
			buildSettings = {
				ALWAYS_SEARCH_USER_PATHS = NO;
				CLANG_CXX_LANGUAGE_STANDARD = "gnu++0x";
				CLANG_CXX_LIBRARY = "libc++";
				CLANG_ENABLE_MODULES = YES;
				CLANG_ENABLE_OBJC_ARC = YES;
				CLANG_WARN_BOOL_CONVERSION = YES;
				CLANG_WARN_CONSTANT_CONVERSION = YES;
				CLANG_WARN_DIRECT_OBJC_ISA_USAGE = YES_ERROR;
				CLANG_WARN_EMPTY_BODY = YES;
				CLANG_WARN_ENUM_CONVERSION = YES;
				CLANG_WARN_INT_CONVERSION = YES;
				CLANG_WARN_OBJC_ROOT_CLASS = YES_ERROR;
				CLANG_WARN_UNREACHABLE_CODE = YES;
				CLANG_WARN__DUPLICATE_METHOD_MATCH = YES;
				"CODE_SIGN_IDENTITY[sdk=iphoneos*]" = "iPhone Developer";
				COPY_PHASE_STRIP = YES;
				ENABLE_NS_ASSERTIONS = NO;
				ENABLE_STRICT_OBJC_MSGSEND = YES;
				GCC_C_LANGUAGE_STANDARD = gnu99;
				GCC_WARN_64_TO_32_BIT_CONVERSION = YES;
				GCC_WARN_ABOUT_RETURN_TYPE = YES_ERROR;
				GCC_WARN_UNDECLARED_SELECTOR = YES;
				GCC_WARN_UNINITIALIZED_AUTOS = YES_AGGRESSIVE;
				GCC_WARN_UNUSED_FUNCTION = YES;
				GCC_WARN_UNUSED_VARIABLE = YES;
				IPHONEOS_DEPLOYMENT_TARGET = 8.0;
				MTL_ENABLE_DEBUG_INFO = NO;
				SDKROOT = iphoneos;
				VALIDATE_PRODUCT = YES;
			};
			name = Release;
		};
		A58F72BE19EBF4EB00209ACB /* Debug */ = {
			isa = XCBuildConfiguration;
			buildSettings = {
				ASSETCATALOG_COMPILER_APPICON_NAME = AppIcon;
				INFOPLIST_FILE = TestLibraryMaster/Info.plist;
				LD_RUNPATH_SEARCH_PATHS = "$(inherited) @executable_path/Frameworks";
				PRODUCT_NAME = "$(TARGET_NAME)";
			};
			name = Debug;
		};
		A58F72BF19EBF4EB00209ACB /* Release */ = {
			isa = XCBuildConfiguration;
			buildSettings = {
				ASSETCATALOG_COMPILER_APPICON_NAME = AppIcon;
				INFOPLIST_FILE = TestLibraryMaster/Info.plist;
				LD_RUNPATH_SEARCH_PATHS = "$(inherited) @executable_path/Frameworks";
				PRODUCT_NAME = "$(TARGET_NAME)";
			};
			name = Release;
		};
		A58F72C119EBF4EB00209ACB /* Debug */ = {
			isa = XCBuildConfiguration;
			buildSettings = {
				BUNDLE_LOADER = "$(TEST_HOST)";
				FRAMEWORK_SEARCH_PATHS = (
					"$(SDKROOT)/Developer/Library/Frameworks",
					"$(inherited)",
				);
				GCC_PREPROCESSOR_DEFINITIONS = (
					"DEBUG=1",
					"$(inherited)",
				);
				INFOPLIST_FILE = TestLibraryMasterTests/Info.plist;
				LD_RUNPATH_SEARCH_PATHS = "$(inherited) @executable_path/Frameworks @loader_path/Frameworks";
				PRODUCT_NAME = "$(TARGET_NAME)";
				TEST_HOST = "$(BUILT_PRODUCTS_DIR)/TestLibraryMaster.app/TestLibraryMaster";
			};
			name = Debug;
		};
		A58F72C219EBF4EB00209ACB /* Release */ = {
			isa = XCBuildConfiguration;
			buildSettings = {
				BUNDLE_LOADER = "$(TEST_HOST)";
				FRAMEWORK_SEARCH_PATHS = (
					"$(SDKROOT)/Developer/Library/Frameworks",
					"$(inherited)",
				);
				INFOPLIST_FILE = TestLibraryMasterTests/Info.plist;
				LD_RUNPATH_SEARCH_PATHS = "$(inherited) @executable_path/Frameworks @loader_path/Frameworks";
				PRODUCT_NAME = "$(TARGET_NAME)";
				TEST_HOST = "$(BUILT_PRODUCTS_DIR)/TestLibraryMaster.app/TestLibraryMaster";
			};
			name = Release;
		};
/* End XCBuildConfiguration section */

/* Begin XCConfigurationList section */
		A58F729219EBF4EB00209ACB /* Build configuration list for PBXProject "TestLibraryMaster" */ = {
			isa = XCConfigurationList;
			buildConfigurations = (
				A58F72BB19EBF4EB00209ACB /* Debug */,
				A58F72BC19EBF4EB00209ACB /* Release */,
			);
			defaultConfigurationIsVisible = 0;
			defaultConfigurationName = Release;
		};
		A58F72BD19EBF4EB00209ACB /* Build configuration list for PBXNativeTarget "TestLibraryMaster" */ = {
			isa = XCConfigurationList;
			buildConfigurations = (
				A58F72BE19EBF4EB00209ACB /* Debug */,
				A58F72BF19EBF4EB00209ACB /* Release */,
			);
			defaultConfigurationIsVisible = 0;
		};
		A58F72C019EBF4EB00209ACB /* Build configuration list for PBXNativeTarget "TestLibraryMasterTests" */ = {
			isa = XCConfigurationList;
			buildConfigurations = (
				A58F72C119EBF4EB00209ACB /* Debug */,
				A58F72C219EBF4EB00209ACB /* Release */,
			);
			defaultConfigurationIsVisible = 0;
		};
/* End XCConfigurationList section */

/* Begin XCVersionGroup section */
		A58F72A119EBF4EB00209ACB /* TestLibraryMaster.xcdatamodeld */ = {
			isa = XCVersionGroup;
			children = (
				A58F72A219EBF4EB00209ACB /* TestLibraryMaster.xcdatamodel */,
			);
			currentVersion = A58F72A219EBF4EB00209ACB /* TestLibraryMaster.xcdatamodel */;
			path = TestLibraryMaster.xcdatamodeld;
			sourceTree = "<group>";
			versionGroupType = wrapper.xcdatamodel;
		};
/* End XCVersionGroup section */
	};
	rootObject = A58F728F19EBF4EB00209ACB /* Project object */;
}
