// !$*UTF8*$!
{
	archiveVersion = 1;
	classes = {
	};
	objectVersion = 46;
	objects = {

/* Begin PBXBuildFile section */
		A5D748AB1A00D2D700D66E54 /* main.m in Sources */ = {isa = PBXBuildFile; fileRef = A5D748AA1A00D2D700D66E54 /* main.m */; };
		A5D748AE1A00D2D700D66E54 /* AppDelegate.m in Sources */ = {isa = PBXBuildFile; fileRef = A5D748AD1A00D2D700D66E54 /* AppDelegate.m */; };
		A5D748B11A00D2D700D66E54 /* TableDemo.xcdatamodeld in Sources */ = {isa = PBXBuildFile; fileRef = A5D748AF1A00D2D700D66E54 /* TableDemo.xcdatamodeld */; };
		A5D748B41A00D2D700D66E54 /* ViewController.m in Sources */ = {isa = PBXBuildFile; fileRef = A5D748B31A00D2D700D66E54 /* ViewController.m */; };
		A5D748B71A00D2D700D66E54 /* Main.storyboard in Resources */ = {isa = PBXBuildFile; fileRef = A5D748B51A00D2D700D66E54 /* Main.storyboard */; };
		A5D748B91A00D2D700D66E54 /* Images.xcassets in Resources */ = {isa = PBXBuildFile; fileRef = A5D748B81A00D2D700D66E54 /* Images.xcassets */; };
		A5D748BC1A00D2D700D66E54 /* LaunchScreen.xib in Resources */ = {isa = PBXBuildFile; fileRef = A5D748BA1A00D2D700D66E54 /* LaunchScreen.xib */; };
		A5D748C81A00D2D700D66E54 /* TableDemoTests.m in Sources */ = {isa = PBXBuildFile; fileRef = A5D748C71A00D2D700D66E54 /* TableDemoTests.m */; };
/* End PBXBuildFile section */

/* Begin PBXContainerItemProxy section */
		A5D748C21A00D2D700D66E54 /* PBXContainerItemProxy */ = {
			isa = PBXContainerItemProxy;
			containerPortal = A5D7489D1A00D2D700D66E54 /* Project object */;
			proxyType = 1;
			remoteGlobalIDString = A5D748A41A00D2D700D66E54;
			remoteInfo = TableDemo;
		};
/* End PBXContainerItemProxy section */

/* Begin PBXFileReference section */
		A5D748A51A00D2D700D66E54 /* TableDemo.app */ = {isa = PBXFileReference; explicitFileType = wrapper.application; includeInIndex = 0; path = TableDemo.app; sourceTree = BUILT_PRODUCTS_DIR; };
		A5D748A91A00D2D700D66E54 /* Info.plist */ = {isa = PBXFileReference; lastKnownFileType = text.plist.xml; path = Info.plist; sourceTree = "<group>"; };
		A5D748AA1A00D2D700D66E54 /* main.m */ = {isa = PBXFileReference; lastKnownFileType = sourcecode.c.objc; path = main.m; sourceTree = "<group>"; };
		A5D748AC1A00D2D700D66E54 /* AppDelegate.h */ = {isa = PBXFileReference; lastKnownFileType = sourcecode.c.h; path = AppDelegate.h; sourceTree = "<group>"; };
		A5D748AD1A00D2D700D66E54 /* AppDelegate.m */ = {isa = PBXFileReference; lastKnownFileType = sourcecode.c.objc; path = AppDelegate.m; sourceTree = "<group>"; };
		A5D748B01A00D2D700D66E54 /* TableDemo.xcdatamodel */ = {isa = PBXFileReference; lastKnownFileType = wrapper.xcdatamodel; path = TableDemo.xcdatamodel; sourceTree = "<group>"; };
		A5D748B21A00D2D700D66E54 /* ViewController.h */ = {isa = PBXFileReference; lastKnownFileType = sourcecode.c.h; path = ViewController.h; sourceTree = "<group>"; };
		A5D748B31A00D2D700D66E54 /* ViewController.m */ = {isa = PBXFileReference; lastKnownFileType = sourcecode.c.objc; path = ViewController.m; sourceTree = "<group>"; };
		A5D748B61A00D2D700D66E54 /* Base */ = {isa = PBXFileReference; lastKnownFileType = file.storyboard; name = Base; path = Base.lproj/Main.storyboard; sourceTree = "<group>"; };
		A5D748B81A00D2D700D66E54 /* Images.xcassets */ = {isa = PBXFileReference; lastKnownFileType = folder.assetcatalog; path = Images.xcassets; sourceTree = "<group>"; };
		A5D748BB1A00D2D700D66E54 /* Base */ = {isa = PBXFileReference; lastKnownFileType = file.xib; name = Base; path = Base.lproj/LaunchScreen.xib; sourceTree = "<group>"; };
		A5D748C11A00D2D700D66E54 /* TableDemoTests.xctest */ = {isa = PBXFileReference; explicitFileType = wrapper.cfbundle; includeInIndex = 0; path = TableDemoTests.xctest; sourceTree = BUILT_PRODUCTS_DIR; };
		A5D748C61A00D2D700D66E54 /* Info.plist */ = {isa = PBXFileReference; lastKnownFileType = text.plist.xml; path = Info.plist; sourceTree = "<group>"; };
		A5D748C71A00D2D700D66E54 /* TableDemoTests.m */ = {isa = PBXFileReference; lastKnownFileType = sourcecode.c.objc; path = TableDemoTests.m; sourceTree = "<group>"; };
/* End PBXFileReference section */

/* Begin PBXFrameworksBuildPhase section */
		A5D748A21A00D2D700D66E54 /* Frameworks */ = {
			isa = PBXFrameworksBuildPhase;
			buildActionMask = 2147483647;
			files = (
			);
			runOnlyForDeploymentPostprocessing = 0;
		};
		A5D748BE1A00D2D700D66E54 /* Frameworks */ = {
			isa = PBXFrameworksBuildPhase;
			buildActionMask = 2147483647;
			files = (
			);
			runOnlyForDeploymentPostprocessing = 0;
		};
/* End PBXFrameworksBuildPhase section */

/* Begin PBXGroup section */
		A5D7489C1A00D2D700D66E54 = {
			isa = PBXGroup;
			children = (
				A5D748A71A00D2D700D66E54 /* TableDemo */,
				A5D748C41A00D2D700D66E54 /* TableDemoTests */,
				A5D748A61A00D2D700D66E54 /* Products */,
			);
			sourceTree = "<group>";
		};
		A5D748A61A00D2D700D66E54 /* Products */ = {
			isa = PBXGroup;
			children = (
				A5D748A51A00D2D700D66E54 /* TableDemo.app */,
				A5D748C11A00D2D700D66E54 /* TableDemoTests.xctest */,
			);
			name = Products;
			sourceTree = "<group>";
		};
		A5D748A71A00D2D700D66E54 /* TableDemo */ = {
			isa = PBXGroup;
			children = (
				A5D748AC1A00D2D700D66E54 /* AppDelegate.h */,
				A5D748AD1A00D2D700D66E54 /* AppDelegate.m */,
				A5D748B21A00D2D700D66E54 /* ViewController.h */,
				A5D748B31A00D2D700D66E54 /* ViewController.m */,
				A5D748B51A00D2D700D66E54 /* Main.storyboard */,
				A5D748B81A00D2D700D66E54 /* Images.xcassets */,
				A5D748BA1A00D2D700D66E54 /* LaunchScreen.xib */,
				A5D748AF1A00D2D700D66E54 /* TableDemo.xcdatamodeld */,
				A5D748A81A00D2D700D66E54 /* Supporting Files */,
			);
			path = TableDemo;
			sourceTree = "<group>";
		};
		A5D748A81A00D2D700D66E54 /* Supporting Files */ = {
			isa = PBXGroup;
			children = (
				A5D748A91A00D2D700D66E54 /* Info.plist */,
				A5D748AA1A00D2D700D66E54 /* main.m */,
			);
			name = "Supporting Files";
			sourceTree = "<group>";
		};
		A5D748C41A00D2D700D66E54 /* TableDemoTests */ = {
			isa = PBXGroup;
			children = (
				A5D748C71A00D2D700D66E54 /* TableDemoTests.m */,
				A5D748C51A00D2D700D66E54 /* Supporting Files */,
			);
			path = TableDemoTests;
			sourceTree = "<group>";
		};
		A5D748C51A00D2D700D66E54 /* Supporting Files */ = {
			isa = PBXGroup;
			children = (
				A5D748C61A00D2D700D66E54 /* Info.plist */,
			);
			name = "Supporting Files";
			sourceTree = "<group>";
		};
/* End PBXGroup section */

/* Begin PBXNativeTarget section */
		A5D748A41A00D2D700D66E54 /* TableDemo */ = {
			isa = PBXNativeTarget;
			buildConfigurationList = A5D748CB1A00D2D700D66E54 /* Build configuration list for PBXNativeTarget "TableDemo" */;
			buildPhases = (
				A5D748A11A00D2D700D66E54 /* Sources */,
				A5D748A21A00D2D700D66E54 /* Frameworks */,
				A5D748A31A00D2D700D66E54 /* Resources */,
			);
			buildRules = (
			);
			dependencies = (
			);
			name = TableDemo;
			productName = TableDemo;
			productReference = A5D748A51A00D2D700D66E54 /* TableDemo.app */;
			productType = "com.apple.product-type.application";
		};
		A5D748C01A00D2D700D66E54 /* TableDemoTests */ = {
			isa = PBXNativeTarget;
			buildConfigurationList = A5D748CE1A00D2D700D66E54 /* Build configuration list for PBXNativeTarget "TableDemoTests" */;
			buildPhases = (
				A5D748BD1A00D2D700D66E54 /* Sources */,
				A5D748BE1A00D2D700D66E54 /* Frameworks */,
				A5D748BF1A00D2D700D66E54 /* Resources */,
			);
			buildRules = (
			);
			dependencies = (
				A5D748C31A00D2D700D66E54 /* PBXTargetDependency */,
			);
			name = TableDemoTests;
			productName = TableDemoTests;
			productReference = A5D748C11A00D2D700D66E54 /* TableDemoTests.xctest */;
			productType = "com.apple.product-type.bundle.unit-test";
		};
/* End PBXNativeTarget section */

/* Begin PBXProject section */
		A5D7489D1A00D2D700D66E54 /* Project object */ = {
			isa = PBXProject;
			attributes = {
				LastUpgradeCheck = 0600;
				ORGANIZATIONNAME = "Lu Quanhong";
				TargetAttributes = {
					A5D748A41A00D2D700D66E54 = {
						CreatedOnToolsVersion = 6.0.1;
					};
					A5D748C01A00D2D700D66E54 = {
						CreatedOnToolsVersion = 6.0.1;
						TestTargetID = A5D748A41A00D2D700D66E54;
					};
				};
			};
			buildConfigurationList = A5D748A01A00D2D700D66E54 /* Build configuration list for PBXProject "TableDemo" */;
			compatibilityVersion = "Xcode 3.2";
			developmentRegion = English;
			hasScannedForEncodings = 0;
			knownRegions = (
				en,
				Base,
			);
			mainGroup = A5D7489C1A00D2D700D66E54;
			productRefGroup = A5D748A61A00D2D700D66E54 /* Products */;
			projectDirPath = "";
			projectRoot = "";
			targets = (
				A5D748A41A00D2D700D66E54 /* TableDemo */,
				A5D748C01A00D2D700D66E54 /* TableDemoTests */,
			);
		};
/* End PBXProject section */

/* Begin PBXResourcesBuildPhase section */
		A5D748A31A00D2D700D66E54 /* Resources */ = {
			isa = PBXResourcesBuildPhase;
			buildActionMask = 2147483647;
			files = (
				A5D748B71A00D2D700D66E54 /* Main.storyboard in Resources */,
				A5D748BC1A00D2D700D66E54 /* LaunchScreen.xib in Resources */,
				A5D748B91A00D2D700D66E54 /* Images.xcassets in Resources */,
			);
			runOnlyForDeploymentPostprocessing = 0;
		};
		A5D748BF1A00D2D700D66E54 /* Resources */ = {
			isa = PBXResourcesBuildPhase;
			buildActionMask = 2147483647;
			files = (
			);
			runOnlyForDeploymentPostprocessing = 0;
		};
/* End PBXResourcesBuildPhase section */

/* Begin PBXSourcesBuildPhase section */
		A5D748A11A00D2D700D66E54 /* Sources */ = {
			isa = PBXSourcesBuildPhase;
			buildActionMask = 2147483647;
			files = (
				A5D748AE1A00D2D700D66E54 /* AppDelegate.m in Sources */,
				A5D748AB1A00D2D700D66E54 /* main.m in Sources */,
				A5D748B41A00D2D700D66E54 /* ViewController.m in Sources */,
				A5D748B11A00D2D700D66E54 /* TableDemo.xcdatamodeld in Sources */,
			);
			runOnlyForDeploymentPostprocessing = 0;
		};
		A5D748BD1A00D2D700D66E54 /* Sources */ = {
			isa = PBXSourcesBuildPhase;
			buildActionMask = 2147483647;
			files = (
				A5D748C81A00D2D700D66E54 /* TableDemoTests.m in Sources */,
			);
			runOnlyForDeploymentPostprocessing = 0;
		};
/* End PBXSourcesBuildPhase section */

/* Begin PBXTargetDependency section */
		A5D748C31A00D2D700D66E54 /* PBXTargetDependency */ = {
			isa = PBXTargetDependency;
			target = A5D748A41A00D2D700D66E54 /* TableDemo */;
			targetProxy = A5D748C21A00D2D700D66E54 /* PBXContainerItemProxy */;
		};
/* End PBXTargetDependency section */

/* Begin PBXVariantGroup section */
		A5D748B51A00D2D700D66E54 /* Main.storyboard */ = {
			isa = PBXVariantGroup;
			children = (
				A5D748B61A00D2D700D66E54 /* Base */,
			);
			name = Main.storyboard;
			sourceTree = "<group>";
		};
		A5D748BA1A00D2D700D66E54 /* LaunchScreen.xib */ = {
			isa = PBXVariantGroup;
			children = (
				A5D748BB1A00D2D700D66E54 /* Base */,
			);
			name = LaunchScreen.xib;
			sourceTree = "<group>";
		};
/* End PBXVariantGroup section */

/* Begin XCBuildConfiguration section */
		A5D748C91A00D2D700D66E54 /* Debug */ = {
			isa = XCBuildConfiguration;
			buildSettings = {
				ALWAYS_SEARCH_USER_PATHS = NO;
				CLANG_CXX_LANGUAGE_STANDARD = "gnu++0x";
				CLANG_CXX_LIBRARY = "libc++";
				CLANG_ENABLE_MODULES = YES;
				CLANG_ENABLE_OBJC_ARC = YES;
				CLANG_WARN_BOOL_CONVERSION = YES;
				CLANG_WARN_CONSTANT_CONVERSION = YES;
				CLANG_WARN_DIRECT_OBJC_ISA_USAGE = YES_ERROR;
				CLANG_WARN_EMPTY_BODY = YES;
				CLANG_WARN_ENUM_CONVERSION = YES;
				CLANG_WARN_INT_CONVERSION = YES;
				CLANG_WARN_OBJC_ROOT_CLASS = YES_ERROR;
				CLANG_WARN_UNREACHABLE_CODE = YES;
				CLANG_WARN__DUPLICATE_METHOD_MATCH = YES;
				"CODE_SIGN_IDENTITY[sdk=iphoneos*]" = "iPhone Developer";
				COPY_PHASE_STRIP = NO;
				ENABLE_STRICT_OBJC_MSGSEND = YES;
				GCC_C_LANGUAGE_STANDARD = gnu99;
				GCC_DYNAMIC_NO_PIC = NO;
				GCC_OPTIMIZATION_LEVEL = 0;
				GCC_PREPROCESSOR_DEFINITIONS = (
					"DEBUG=1",
					"$(inherited)",
				);
				GCC_SYMBOLS_PRIVATE_EXTERN = NO;
				GCC_WARN_64_TO_32_BIT_CONVERSION = YES;
				GCC_WARN_ABOUT_RETURN_TYPE = YES_ERROR;
				GCC_WARN_UNDECLARED_SELECTOR = YES;
				GCC_WARN_UNINITIALIZED_AUTOS = YES_AGGRESSIVE;
				GCC_WARN_UNUSED_FUNCTION = YES;
				GCC_WARN_UNUSED_VARIABLE = YES;
				IPHONEOS_DEPLOYMENT_TARGET = 8.0;
				MTL_ENABLE_DEBUG_INFO = YES;
				ONLY_ACTIVE_ARCH = YES;
				SDKROOT = iphoneos;
			};
			name = Debug;
		};
		A5D748CA1A00D2D700D66E54 /* Release */ = {
			isa = XCBuildConfiguration;
			buildSettings = {
				ALWAYS_SEARCH_USER_PATHS = NO;
				CLANG_CXX_LANGUAGE_STANDARD = "gnu++0x";
				CLANG_CXX_LIBRARY = "libc++";
				CLANG_ENABLE_MODULES = YES;
				CLANG_ENABLE_OBJC_ARC = YES;
				CLANG_WARN_BOOL_CONVERSION = YES;
				CLANG_WARN_CONSTANT_CONVERSION = YES;
				CLANG_WARN_DIRECT_OBJC_ISA_USAGE = YES_ERROR;
				CLANG_WARN_EMPTY_BODY = YES;
				CLANG_WARN_ENUM_CONVERSION = YES;
				CLANG_WARN_INT_CONVERSION = YES;
				CLANG_WARN_OBJC_ROOT_CLASS = YES_ERROR;
				CLANG_WARN_UNREACHABLE_CODE = YES;
				CLANG_WARN__DUPLICATE_METHOD_MATCH = YES;
				"CODE_SIGN_IDENTITY[sdk=iphoneos*]" = "iPhone Developer";
				COPY_PHASE_STRIP = YES;
				ENABLE_NS_ASSERTIONS = NO;
				ENABLE_STRICT_OBJC_MSGSEND = YES;
				GCC_C_LANGUAGE_STANDARD = gnu99;
				GCC_WARN_64_TO_32_BIT_CONVERSION = YES;
				GCC_WARN_ABOUT_RETURN_TYPE = YES_ERROR;
				GCC_WARN_UNDECLARED_SELECTOR = YES;
				GCC_WARN_UNINITIALIZED_AUTOS = YES_AGGRESSIVE;
				GCC_WARN_UNUSED_FUNCTION = YES;
				GCC_WARN_UNUSED_VARIABLE = YES;
				IPHONEOS_DEPLOYMENT_TARGET = 8.0;
				MTL_ENABLE_DEBUG_INFO = NO;
				SDKROOT = iphoneos;
				VALIDATE_PRODUCT = YES;
			};
			name = Release;
		};
		A5D748CC1A00D2D700D66E54 /* Debug */ = {
			isa = XCBuildConfiguration;
			buildSettings = {
				ASSETCATALOG_COMPILER_APPICON_NAME = AppIcon;
				INFOPLIST_FILE = TableDemo/Info.plist;
				LD_RUNPATH_SEARCH_PATHS = "$(inherited) @executable_path/Frameworks";
				PRODUCT_NAME = "$(TARGET_NAME)";
			};
			name = Debug;
		};
		A5D748CD1A00D2D700D66E54 /* Release */ = {
			isa = XCBuildConfiguration;
			buildSettings = {
				ASSETCATALOG_COMPILER_APPICON_NAME = AppIcon;
				INFOPLIST_FILE = TableDemo/Info.plist;
				LD_RUNPATH_SEARCH_PATHS = "$(inherited) @executable_path/Frameworks";
				PRODUCT_NAME = "$(TARGET_NAME)";
			};
			name = Release;
		};
		A5D748CF1A00D2D700D66E54 /* Debug */ = {
			isa = XCBuildConfiguration;
			buildSettings = {
				BUNDLE_LOADER = "$(TEST_HOST)";
				FRAMEWORK_SEARCH_PATHS = (
					"$(SDKROOT)/Developer/Library/Frameworks",
					"$(inherited)",
				);
				GCC_PREPROCESSOR_DEFINITIONS = (
					"DEBUG=1",
					"$(inherited)",
				);
				INFOPLIST_FILE = TableDemoTests/Info.plist;
				LD_RUNPATH_SEARCH_PATHS = "$(inherited) @executable_path/Frameworks @loader_path/Frameworks";
				PRODUCT_NAME = "$(TARGET_NAME)";
				TEST_HOST = "$(BUILT_PRODUCTS_DIR)/TableDemo.app/TableDemo";
			};
			name = Debug;
		};
		A5D748D01A00D2D700D66E54 /* Release */ = {
			isa = XCBuildConfiguration;
			buildSettings = {
				BUNDLE_LOADER = "$(TEST_HOST)";
				FRAMEWORK_SEARCH_PATHS = (
					"$(SDKROOT)/Developer/Library/Frameworks",
					"$(inherited)",
				);
				INFOPLIST_FILE = TableDemoTests/Info.plist;
				LD_RUNPATH_SEARCH_PATHS = "$(inherited) @executable_path/Frameworks @loader_path/Frameworks";
				PRODUCT_NAME = "$(TARGET_NAME)";
				TEST_HOST = "$(BUILT_PRODUCTS_DIR)/TableDemo.app/TableDemo";
			};
			name = Release;
		};
/* End XCBuildConfiguration section */

/* Begin XCConfigurationList section */
		A5D748A01A00D2D700D66E54 /* Build configuration list for PBXProject "TableDemo" */ = {
			isa = XCConfigurationList;
			buildConfigurations = (
				A5D748C91A00D2D700D66E54 /* Debug */,
				A5D748CA1A00D2D700D66E54 /* Release */,
			);
			defaultConfigurationIsVisible = 0;
			defaultConfigurationName = Release;
		};
		A5D748CB1A00D2D700D66E54 /* Build configuration list for PBXNativeTarget "TableDemo" */ = {
			isa = XCConfigurationList;
			buildConfigurations = (
				A5D748CC1A00D2D700D66E54 /* Debug */,
				A5D748CD1A00D2D700D66E54 /* Release */,
			);
			defaultConfigurationIsVisible = 0;
		};
		A5D748CE1A00D2D700D66E54 /* Build configuration list for PBXNativeTarget "TableDemoTests" */ = {
			isa = XCConfigurationList;
			buildConfigurations = (
				A5D748CF1A00D2D700D66E54 /* Debug */,
				A5D748D01A00D2D700D66E54 /* Release */,
			);
			defaultConfigurationIsVisible = 0;
		};
/* End XCConfigurationList section */

/* Begin XCVersionGroup section */
		A5D748AF1A00D2D700D66E54 /* TableDemo.xcdatamodeld */ = {
			isa = XCVersionGroup;
			children = (
				A5D748B01A00D2D700D66E54 /* TableDemo.xcdatamodel */,
			);
			currentVersion = A5D748B01A00D2D700D66E54 /* TableDemo.xcdatamodel */;
			path = TableDemo.xcdatamodeld;
			sourceTree = "<group>";
			versionGroupType = wrapper.xcdatamodel;
		};
/* End XCVersionGroup section */
	};
	rootObject = A5D7489D1A00D2D700D66E54 /* Project object */;
}
