// !$*UTF8*$!
{
	archiveVersion = 1;
	classes = {
	};
	objectVersion = 46;
	objects = {

/* Begin PBXBuildFile section */
		A5AA292819C7E8B300E6ADA2 /* Foundation.framework in Frameworks */ = {isa = PBXBuildFile; fileRef = A5AA292719C7E8B300E6ADA2 /* Foundation.framework */; };
		A5AA292A19C7E8B300E6ADA2 /* CoreGraphics.framework in Frameworks */ = {isa = PBXBuildFile; fileRef = A5AA292919C7E8B300E6ADA2 /* CoreGraphics.framework */; };
		A5AA292C19C7E8B300E6ADA2 /* UIKit.framework in Frameworks */ = {isa = PBXBuildFile; fileRef = A5AA292B19C7E8B300E6ADA2 /* UIKit.framework */; };
		A5AA293219C7E8B300E6ADA2 /* InfoPlist.strings in Resources */ = {isa = PBXBuildFile; fileRef = A5AA293019C7E8B300E6ADA2 /* InfoPlist.strings */; };
		A5AA293419C7E8B300E6ADA2 /* main.m in Sources */ = {isa = PBXBuildFile; fileRef = A5AA293319C7E8B300E6ADA2 /* main.m */; };
		A5AA293819C7E8B300E6ADA2 /* AppDelegate.m in Sources */ = {isa = PBXBuildFile; fileRef = A5AA293719C7E8B300E6ADA2 /* AppDelegate.m */; };
		A5AA293A19C7E8B300E6ADA2 /* Images.xcassets in Resources */ = {isa = PBXBuildFile; fileRef = A5AA293919C7E8B300E6ADA2 /* Images.xcassets */; };
		A5AA294119C7E8B300E6ADA2 /* XCTest.framework in Frameworks */ = {isa = PBXBuildFile; fileRef = A5AA294019C7E8B300E6ADA2 /* XCTest.framework */; };
		A5AA294219C7E8B300E6ADA2 /* Foundation.framework in Frameworks */ = {isa = PBXBuildFile; fileRef = A5AA292719C7E8B300E6ADA2 /* Foundation.framework */; };
		A5AA294319C7E8B300E6ADA2 /* UIKit.framework in Frameworks */ = {isa = PBXBuildFile; fileRef = A5AA292B19C7E8B300E6ADA2 /* UIKit.framework */; };
		A5AA294B19C7E8B300E6ADA2 /* InfoPlist.strings in Resources */ = {isa = PBXBuildFile; fileRef = A5AA294919C7E8B300E6ADA2 /* InfoPlist.strings */; };
		A5AA294D19C7E8B300E6ADA2 /* UINavigationDemoTests.m in Sources */ = {isa = PBXBuildFile; fileRef = A5AA294C19C7E8B300E6ADA2 /* UINavigationDemoTests.m */; };
		A5AA295919C7E8EE00E6ADA2 /* RootViewController.m in Sources */ = {isa = PBXBuildFile; fileRef = A5AA295719C7E8EE00E6ADA2 /* RootViewController.m */; };
		A5AA295A19C7E8EE00E6ADA2 /* RootViewController.xib in Resources */ = {isa = PBXBuildFile; fileRef = A5AA295819C7E8EE00E6ADA2 /* RootViewController.xib */; };
		A5ADED3B19C82C62009D2A45 /* SecondViewController.m in Sources */ = {isa = PBXBuildFile; fileRef = A5ADED3919C82C62009D2A45 /* SecondViewController.m */; };
		A5ADED3C19C82C62009D2A45 /* SecondViewController.xib in Resources */ = {isa = PBXBuildFile; fileRef = A5ADED3A19C82C62009D2A45 /* SecondViewController.xib */; };
		A5ADED4019C838AB009D2A45 /* ThirdViewController.m in Sources */ = {isa = PBXBuildFile; fileRef = A5ADED3E19C838AB009D2A45 /* ThirdViewController.m */; };
		A5ADED4119C838AB009D2A45 /* ThirdViewController.xib in Resources */ = {isa = PBXBuildFile; fileRef = A5ADED3F19C838AB009D2A45 /* ThirdViewController.xib */; };
/* End PBXBuildFile section */

/* Begin PBXContainerItemProxy section */
		A5AA294419C7E8B300E6ADA2 /* PBXContainerItemProxy */ = {
			isa = PBXContainerItemProxy;
			containerPortal = A5AA291C19C7E8B300E6ADA2 /* Project object */;
			proxyType = 1;
			remoteGlobalIDString = A5AA292319C7E8B300E6ADA2;
			remoteInfo = UINavigationDemo;
		};
/* End PBXContainerItemProxy section */

/* Begin PBXFileReference section */
		A5AA292419C7E8B300E6ADA2 /* UINavigationDemo.app */ = {isa = PBXFileReference; explicitFileType = wrapper.application; includeInIndex = 0; path = UINavigationDemo.app; sourceTree = BUILT_PRODUCTS_DIR; };
		A5AA292719C7E8B300E6ADA2 /* Foundation.framework */ = {isa = PBXFileReference; lastKnownFileType = wrapper.framework; name = Foundation.framework; path = System/Library/Frameworks/Foundation.framework; sourceTree = SDKROOT; };
		A5AA292919C7E8B300E6ADA2 /* CoreGraphics.framework */ = {isa = PBXFileReference; lastKnownFileType = wrapper.framework; name = CoreGraphics.framework; path = System/Library/Frameworks/CoreGraphics.framework; sourceTree = SDKROOT; };
		A5AA292B19C7E8B300E6ADA2 /* UIKit.framework */ = {isa = PBXFileReference; lastKnownFileType = wrapper.framework; name = UIKit.framework; path = System/Library/Frameworks/UIKit.framework; sourceTree = SDKROOT; };
		A5AA292F19C7E8B300E6ADA2 /* UINavigationDemo-Info.plist */ = {isa = PBXFileReference; lastKnownFileType = text.plist.xml; path = "UINavigationDemo-Info.plist"; sourceTree = "<group>"; };
		A5AA293119C7E8B300E6ADA2 /* en */ = {isa = PBXFileReference; lastKnownFileType = text.plist.strings; name = en; path = en.lproj/InfoPlist.strings; sourceTree = "<group>"; };
		A5AA293319C7E8B300E6ADA2 /* main.m */ = {isa = PBXFileReference; lastKnownFileType = sourcecode.c.objc; path = main.m; sourceTree = "<group>"; };
		A5AA293519C7E8B300E6ADA2 /* UINavigationDemo-Prefix.pch */ = {isa = PBXFileReference; lastKnownFileType = sourcecode.c.h; path = "UINavigationDemo-Prefix.pch"; sourceTree = "<group>"; };
		A5AA293619C7E8B300E6ADA2 /* AppDelegate.h */ = {isa = PBXFileReference; lastKnownFileType = sourcecode.c.h; path = AppDelegate.h; sourceTree = "<group>"; };
		A5AA293719C7E8B300E6ADA2 /* AppDelegate.m */ = {isa = PBXFileReference; lastKnownFileType = sourcecode.c.objc; path = AppDelegate.m; sourceTree = "<group>"; };
		A5AA293919C7E8B300E6ADA2 /* Images.xcassets */ = {isa = PBXFileReference; lastKnownFileType = folder.assetcatalog; path = Images.xcassets; sourceTree = "<group>"; };
		A5AA293F19C7E8B300E6ADA2 /* UINavigationDemoTests.xctest */ = {isa = PBXFileReference; explicitFileType = wrapper.cfbundle; includeInIndex = 0; path = UINavigationDemoTests.xctest; sourceTree = BUILT_PRODUCTS_DIR; };
		A5AA294019C7E8B300E6ADA2 /* XCTest.framework */ = {isa = PBXFileReference; lastKnownFileType = wrapper.framework; name = XCTest.framework; path = Library/Frameworks/XCTest.framework; sourceTree = DEVELOPER_DIR; };
		A5AA294819C7E8B300E6ADA2 /* UINavigationDemoTests-Info.plist */ = {isa = PBXFileReference; lastKnownFileType = text.plist.xml; path = "UINavigationDemoTests-Info.plist"; sourceTree = "<group>"; };
		A5AA294A19C7E8B300E6ADA2 /* en */ = {isa = PBXFileReference; lastKnownFileType = text.plist.strings; name = en; path = en.lproj/InfoPlist.strings; sourceTree = "<group>"; };
		A5AA294C19C7E8B300E6ADA2 /* UINavigationDemoTests.m */ = {isa = PBXFileReference; lastKnownFileType = sourcecode.c.objc; path = UINavigationDemoTests.m; sourceTree = "<group>"; };
		A5AA295619C7E8EE00E6ADA2 /* RootViewController.h */ = {isa = PBXFileReference; fileEncoding = 4; lastKnownFileType = sourcecode.c.h; path = RootViewController.h; sourceTree = "<group>"; };
		A5AA295719C7E8EE00E6ADA2 /* RootViewController.m */ = {isa = PBXFileReference; fileEncoding = 4; lastKnownFileType = sourcecode.c.objc; path = RootViewController.m; sourceTree = "<group>"; };
		A5AA295819C7E8EE00E6ADA2 /* RootViewController.xib */ = {isa = PBXFileReference; fileEncoding = 4; lastKnownFileType = file.xib; path = RootViewController.xib; sourceTree = "<group>"; };
		A5ADED3819C82C62009D2A45 /* SecondViewController.h */ = {isa = PBXFileReference; fileEncoding = 4; lastKnownFileType = sourcecode.c.h; path = SecondViewController.h; sourceTree = "<group>"; };
		A5ADED3919C82C62009D2A45 /* SecondViewController.m */ = {isa = PBXFileReference; fileEncoding = 4; lastKnownFileType = sourcecode.c.objc; path = SecondViewController.m; sourceTree = "<group>"; };
		A5ADED3A19C82C62009D2A45 /* SecondViewController.xib */ = {isa = PBXFileReference; fileEncoding = 4; lastKnownFileType = file.xib; path = SecondViewController.xib; sourceTree = "<group>"; };
		A5ADED3D19C838AB009D2A45 /* ThirdViewController.h */ = {isa = PBXFileReference; fileEncoding = 4; lastKnownFileType = sourcecode.c.h; path = ThirdViewController.h; sourceTree = "<group>"; };
		A5ADED3E19C838AB009D2A45 /* ThirdViewController.m */ = {isa = PBXFileReference; fileEncoding = 4; lastKnownFileType = sourcecode.c.objc; path = ThirdViewController.m; sourceTree = "<group>"; };
		A5ADED3F19C838AB009D2A45 /* ThirdViewController.xib */ = {isa = PBXFileReference; fileEncoding = 4; lastKnownFileType = file.xib; path = ThirdViewController.xib; sourceTree = "<group>"; };
/* End PBXFileReference section */

/* Begin PBXFrameworksBuildPhase section */
		A5AA292119C7E8B300E6ADA2 /* Frameworks */ = {
			isa = PBXFrameworksBuildPhase;
			buildActionMask = 2147483647;
			files = (
				A5AA292A19C7E8B300E6ADA2 /* CoreGraphics.framework in Frameworks */,
				A5AA292C19C7E8B300E6ADA2 /* UIKit.framework in Frameworks */,
				A5AA292819C7E8B300E6ADA2 /* Foundation.framework in Frameworks */,
			);
			runOnlyForDeploymentPostprocessing = 0;
		};
		A5AA293C19C7E8B300E6ADA2 /* Frameworks */ = {
			isa = PBXFrameworksBuildPhase;
			buildActionMask = 2147483647;
			files = (
				A5AA294119C7E8B300E6ADA2 /* XCTest.framework in Frameworks */,
				A5AA294319C7E8B300E6ADA2 /* UIKit.framework in Frameworks */,
				A5AA294219C7E8B300E6ADA2 /* Foundation.framework in Frameworks */,
			);
			runOnlyForDeploymentPostprocessing = 0;
		};
/* End PBXFrameworksBuildPhase section */

/* Begin PBXGroup section */
		A5AA291B19C7E8B300E6ADA2 = {
			isa = PBXGroup;
			children = (
				A5AA292D19C7E8B300E6ADA2 /* UINavigationDemo */,
				A5AA294619C7E8B300E6ADA2 /* UINavigationDemoTests */,
				A5AA292619C7E8B300E6ADA2 /* Frameworks */,
				A5AA292519C7E8B300E6ADA2 /* Products */,
			);
			sourceTree = "<group>";
		};
		A5AA292519C7E8B300E6ADA2 /* Products */ = {
			isa = PBXGroup;
			children = (
				A5AA292419C7E8B300E6ADA2 /* UINavigationDemo.app */,
				A5AA293F19C7E8B300E6ADA2 /* UINavigationDemoTests.xctest */,
			);
			name = Products;
			sourceTree = "<group>";
		};
		A5AA292619C7E8B300E6ADA2 /* Frameworks */ = {
			isa = PBXGroup;
			children = (
				A5AA292719C7E8B300E6ADA2 /* Foundation.framework */,
				A5AA292919C7E8B300E6ADA2 /* CoreGraphics.framework */,
				A5AA292B19C7E8B300E6ADA2 /* UIKit.framework */,
				A5AA294019C7E8B300E6ADA2 /* XCTest.framework */,
			);
			name = Frameworks;
			sourceTree = "<group>";
		};
		A5AA292D19C7E8B300E6ADA2 /* UINavigationDemo */ = {
			isa = PBXGroup;
			children = (
				A5AA293619C7E8B300E6ADA2 /* AppDelegate.h */,
				A5AA293719C7E8B300E6ADA2 /* AppDelegate.m */,
				A5AA295619C7E8EE00E6ADA2 /* RootViewController.h */,
				A5AA295719C7E8EE00E6ADA2 /* RootViewController.m */,
				A5AA295819C7E8EE00E6ADA2 /* RootViewController.xib */,
				A5ADED3819C82C62009D2A45 /* SecondViewController.h */,
				A5ADED3919C82C62009D2A45 /* SecondViewController.m */,
				A5ADED3A19C82C62009D2A45 /* SecondViewController.xib */,
				A5ADED3D19C838AB009D2A45 /* ThirdViewController.h */,
				A5ADED3E19C838AB009D2A45 /* ThirdViewController.m */,
				A5ADED3F19C838AB009D2A45 /* ThirdViewController.xib */,
				A5AA293919C7E8B300E6ADA2 /* Images.xcassets */,
				A5AA292E19C7E8B300E6ADA2 /* Supporting Files */,
			);
			path = UINavigationDemo;
			sourceTree = "<group>";
		};
		A5AA292E19C7E8B300E6ADA2 /* Supporting Files */ = {
			isa = PBXGroup;
			children = (
				A5AA292F19C7E8B300E6ADA2 /* UINavigationDemo-Info.plist */,
				A5AA293019C7E8B300E6ADA2 /* InfoPlist.strings */,
				A5AA293319C7E8B300E6ADA2 /* main.m */,
				A5AA293519C7E8B300E6ADA2 /* UINavigationDemo-Prefix.pch */,
			);
			name = "Supporting Files";
			sourceTree = "<group>";
		};
		A5AA294619C7E8B300E6ADA2 /* UINavigationDemoTests */ = {
			isa = PBXGroup;
			children = (
				A5AA294C19C7E8B300E6ADA2 /* UINavigationDemoTests.m */,
				A5AA294719C7E8B300E6ADA2 /* Supporting Files */,
			);
			path = UINavigationDemoTests;
			sourceTree = "<group>";
		};
		A5AA294719C7E8B300E6ADA2 /* Supporting Files */ = {
			isa = PBXGroup;
			children = (
				A5AA294819C7E8B300E6ADA2 /* UINavigationDemoTests-Info.plist */,
				A5AA294919C7E8B300E6ADA2 /* InfoPlist.strings */,
			);
			name = "Supporting Files";
			sourceTree = "<group>";
		};
/* End PBXGroup section */

/* Begin PBXNativeTarget section */
		A5AA292319C7E8B300E6ADA2 /* UINavigationDemo */ = {
			isa = PBXNativeTarget;
			buildConfigurationList = A5AA295019C7E8B300E6ADA2 /* Build configuration list for PBXNativeTarget "UINavigationDemo" */;
			buildPhases = (
				A5AA292019C7E8B300E6ADA2 /* Sources */,
				A5AA292119C7E8B300E6ADA2 /* Frameworks */,
				A5AA292219C7E8B300E6ADA2 /* Resources */,
			);
			buildRules = (
			);
			dependencies = (
			);
			name = UINavigationDemo;
			productName = UINavigationDemo;
			productReference = A5AA292419C7E8B300E6ADA2 /* UINavigationDemo.app */;
			productType = "com.apple.product-type.application";
		};
		A5AA293E19C7E8B300E6ADA2 /* UINavigationDemoTests */ = {
			isa = PBXNativeTarget;
			buildConfigurationList = A5AA295319C7E8B300E6ADA2 /* Build configuration list for PBXNativeTarget "UINavigationDemoTests" */;
			buildPhases = (
				A5AA293B19C7E8B300E6ADA2 /* Sources */,
				A5AA293C19C7E8B300E6ADA2 /* Frameworks */,
				A5AA293D19C7E8B300E6ADA2 /* Resources */,
			);
			buildRules = (
			);
			dependencies = (
				A5AA294519C7E8B300E6ADA2 /* PBXTargetDependency */,
			);
			name = UINavigationDemoTests;
			productName = UINavigationDemoTests;
			productReference = A5AA293F19C7E8B300E6ADA2 /* UINavigationDemoTests.xctest */;
			productType = "com.apple.product-type.bundle.unit-test";
		};
/* End PBXNativeTarget section */

/* Begin PBXProject section */
		A5AA291C19C7E8B300E6ADA2 /* Project object */ = {
			isa = PBXProject;
			attributes = {
				LastUpgradeCheck = 0510;
				ORGANIZATIONNAME = yy;
				TargetAttributes = {
					A5AA292319C7E8B300E6ADA2 = {
						DevelopmentTeam = RA5DTC26D2;
					};
					A5AA293E19C7E8B300E6ADA2 = {
						TestTargetID = A5AA292319C7E8B300E6ADA2;
					};
				};
			};
			buildConfigurationList = A5AA291F19C7E8B300E6ADA2 /* Build configuration list for PBXProject "UINavigationDemo" */;
			compatibilityVersion = "Xcode 3.2";
			developmentRegion = English;
			hasScannedForEncodings = 0;
			knownRegions = (
				en,
			);
			mainGroup = A5AA291B19C7E8B300E6ADA2;
			productRefGroup = A5AA292519C7E8B300E6ADA2 /* Products */;
			projectDirPath = "";
			projectRoot = "";
			targets = (
				A5AA292319C7E8B300E6ADA2 /* UINavigationDemo */,
				A5AA293E19C7E8B300E6ADA2 /* UINavigationDemoTests */,
			);
		};
/* End PBXProject section */

/* Begin PBXResourcesBuildPhase section */
		A5AA292219C7E8B300E6ADA2 /* Resources */ = {
			isa = PBXResourcesBuildPhase;
			buildActionMask = 2147483647;
			files = (
				A5ADED3C19C82C62009D2A45 /* SecondViewController.xib in Resources */,
				A5AA293219C7E8B300E6ADA2 /* InfoPlist.strings in Resources */,
				A5AA293A19C7E8B300E6ADA2 /* Images.xcassets in Resources */,
				A5ADED4119C838AB009D2A45 /* ThirdViewController.xib in Resources */,
				A5AA295A19C7E8EE00E6ADA2 /* RootViewController.xib in Resources */,
			);
			runOnlyForDeploymentPostprocessing = 0;
		};
		A5AA293D19C7E8B300E6ADA2 /* Resources */ = {
			isa = PBXResourcesBuildPhase;
			buildActionMask = 2147483647;
			files = (
				A5AA294B19C7E8B300E6ADA2 /* InfoPlist.strings in Resources */,
			);
			runOnlyForDeploymentPostprocessing = 0;
		};
/* End PBXResourcesBuildPhase section */

/* Begin PBXSourcesBuildPhase section */
		A5AA292019C7E8B300E6ADA2 /* Sources */ = {
			isa = PBXSourcesBuildPhase;
			buildActionMask = 2147483647;
			files = (
				A5ADED3B19C82C62009D2A45 /* SecondViewController.m in Sources */,
				A5ADED4019C838AB009D2A45 /* ThirdViewController.m in Sources */,
				A5AA293819C7E8B300E6ADA2 /* AppDelegate.m in Sources */,
				A5AA293419C7E8B300E6ADA2 /* main.m in Sources */,
				A5AA295919C7E8EE00E6ADA2 /* RootViewController.m in Sources */,
			);
			runOnlyForDeploymentPostprocessing = 0;
		};
		A5AA293B19C7E8B300E6ADA2 /* Sources */ = {
			isa = PBXSourcesBuildPhase;
			buildActionMask = 2147483647;
			files = (
				A5AA294D19C7E8B300E6ADA2 /* UINavigationDemoTests.m in Sources */,
			);
			runOnlyForDeploymentPostprocessing = 0;
		};
/* End PBXSourcesBuildPhase section */

/* Begin PBXTargetDependency section */
		A5AA294519C7E8B300E6ADA2 /* PBXTargetDependency */ = {
			isa = PBXTargetDependency;
			target = A5AA292319C7E8B300E6ADA2 /* UINavigationDemo */;
			targetProxy = A5AA294419C7E8B300E6ADA2 /* PBXContainerItemProxy */;
		};
/* End PBXTargetDependency section */

/* Begin PBXVariantGroup section */
		A5AA293019C7E8B300E6ADA2 /* InfoPlist.strings */ = {
			isa = PBXVariantGroup;
			children = (
				A5AA293119C7E8B300E6ADA2 /* en */,
			);
			name = InfoPlist.strings;
			sourceTree = "<group>";
		};
		A5AA294919C7E8B300E6ADA2 /* InfoPlist.strings */ = {
			isa = PBXVariantGroup;
			children = (
				A5AA294A19C7E8B300E6ADA2 /* en */,
			);
			name = InfoPlist.strings;
			sourceTree = "<group>";
		};
/* End PBXVariantGroup section */

/* Begin XCBuildConfiguration section */
		A5AA294E19C7E8B300E6ADA2 /* Debug */ = {
			isa = XCBuildConfiguration;
			buildSettings = {
				ALWAYS_SEARCH_USER_PATHS = NO;
				CLANG_CXX_LANGUAGE_STANDARD = "gnu++0x";
				CLANG_CXX_LIBRARY = "libc++";
				CLANG_ENABLE_MODULES = YES;
				CLANG_ENABLE_OBJC_ARC = YES;
				CLANG_WARN_BOOL_CONVERSION = YES;
				CLANG_WARN_CONSTANT_CONVERSION = YES;
				CLANG_WARN_DIRECT_OBJC_ISA_USAGE = YES_ERROR;
				CLANG_WARN_EMPTY_BODY = YES;
				CLANG_WARN_ENUM_CONVERSION = YES;
				CLANG_WARN_INT_CONVERSION = YES;
				CLANG_WARN_OBJC_ROOT_CLASS = YES_ERROR;
				CLANG_WARN__DUPLICATE_METHOD_MATCH = YES;
				"CODE_SIGN_IDENTITY[sdk=iphoneos*]" = "iPhone Developer";
				COPY_PHASE_STRIP = NO;
				GCC_C_LANGUAGE_STANDARD = gnu99;
				GCC_DYNAMIC_NO_PIC = NO;
				GCC_OPTIMIZATION_LEVEL = 0;
				GCC_PREPROCESSOR_DEFINITIONS = (
					"DEBUG=1",
					"$(inherited)",
				);
				GCC_SYMBOLS_PRIVATE_EXTERN = NO;
				GCC_WARN_64_TO_32_BIT_CONVERSION = YES;
				GCC_WARN_ABOUT_RETURN_TYPE = YES_ERROR;
				GCC_WARN_UNDECLARED_SELECTOR = YES;
				GCC_WARN_UNINITIALIZED_AUTOS = YES_AGGRESSIVE;
				GCC_WARN_UNUSED_FUNCTION = YES;
				GCC_WARN_UNUSED_VARIABLE = YES;
				IPHONEOS_DEPLOYMENT_TARGET = 7.1;
				ONLY_ACTIVE_ARCH = YES;
				SDKROOT = iphoneos;
			};
			name = Debug;
		};
		A5AA294F19C7E8B300E6ADA2 /* Release */ = {
			isa = XCBuildConfiguration;
			buildSettings = {
				ALWAYS_SEARCH_USER_PATHS = NO;
				CLANG_CXX_LANGUAGE_STANDARD = "gnu++0x";
				CLANG_CXX_LIBRARY = "libc++";
				CLANG_ENABLE_MODULES = YES;
				CLANG_ENABLE_OBJC_ARC = YES;
				CLANG_WARN_BOOL_CONVERSION = YES;
				CLANG_WARN_CONSTANT_CONVERSION = YES;
				CLANG_WARN_DIRECT_OBJC_ISA_USAGE = YES_ERROR;
				CLANG_WARN_EMPTY_BODY = YES;
				CLANG_WARN_ENUM_CONVERSION = YES;
				CLANG_WARN_INT_CONVERSION = YES;
				CLANG_WARN_OBJC_ROOT_CLASS = YES_ERROR;
				CLANG_WARN__DUPLICATE_METHOD_MATCH = YES;
				"CODE_SIGN_IDENTITY[sdk=iphoneos*]" = "iPhone Developer";
				COPY_PHASE_STRIP = YES;
				ENABLE_NS_ASSERTIONS = NO;
				GCC_C_LANGUAGE_STANDARD = gnu99;
				GCC_WARN_64_TO_32_BIT_CONVERSION = YES;
				GCC_WARN_ABOUT_RETURN_TYPE = YES_ERROR;
				GCC_WARN_UNDECLARED_SELECTOR = YES;
				GCC_WARN_UNINITIALIZED_AUTOS = YES_AGGRESSIVE;
				GCC_WARN_UNUSED_FUNCTION = YES;
				GCC_WARN_UNUSED_VARIABLE = YES;
				IPHONEOS_DEPLOYMENT_TARGET = 7.1;
				SDKROOT = iphoneos;
				VALIDATE_PRODUCT = YES;
			};
			name = Release;
		};
		A5AA295119C7E8B300E6ADA2 /* Debug */ = {
			isa = XCBuildConfiguration;
			buildSettings = {
				ASSETCATALOG_COMPILER_APPICON_NAME = AppIcon;
				ASSETCATALOG_COMPILER_LAUNCHIMAGE_NAME = LaunchImage;
				CODE_SIGN_IDENTITY = "iPhone Developer";
				GCC_PRECOMPILE_PREFIX_HEADER = YES;
				GCC_PREFIX_HEADER = "UINavigationDemo/UINavigationDemo-Prefix.pch";
				INFOPLIST_FILE = "UINavigationDemo/UINavigationDemo-Info.plist";
				PRODUCT_NAME = "$(TARGET_NAME)";
				WRAPPER_EXTENSION = app;
			};
			name = Debug;
		};
		A5AA295219C7E8B300E6ADA2 /* Release */ = {
			isa = XCBuildConfiguration;
			buildSettings = {
				ASSETCATALOG_COMPILER_APPICON_NAME = AppIcon;
				ASSETCATALOG_COMPILER_LAUNCHIMAGE_NAME = LaunchImage;
				CODE_SIGN_IDENTITY = "iPhone Developer";
				GCC_PRECOMPILE_PREFIX_HEADER = YES;
				GCC_PREFIX_HEADER = "UINavigationDemo/UINavigationDemo-Prefix.pch";
				INFOPLIST_FILE = "UINavigationDemo/UINavigationDemo-Info.plist";
				PRODUCT_NAME = "$(TARGET_NAME)";
				WRAPPER_EXTENSION = app;
			};
			name = Release;
		};
		A5AA295419C7E8B300E6ADA2 /* Debug */ = {
			isa = XCBuildConfiguration;
			buildSettings = {
				BUNDLE_LOADER = "$(BUILT_PRODUCTS_DIR)/UINavigationDemo.app/UINavigationDemo";
				FRAMEWORK_SEARCH_PATHS = (
					"$(SDKROOT)/Developer/Library/Frameworks",
					"$(inherited)",
					"$(DEVELOPER_FRAMEWORKS_DIR)",
				);
				GCC_PRECOMPILE_PREFIX_HEADER = YES;
				GCC_PREFIX_HEADER = "UINavigationDemo/UINavigationDemo-Prefix.pch";
				GCC_PREPROCESSOR_DEFINITIONS = (
					"DEBUG=1",
					"$(inherited)",
				);
				INFOPLIST_FILE = "UINavigationDemoTests/UINavigationDemoTests-Info.plist";
				PRODUCT_NAME = "$(TARGET_NAME)";
				TEST_HOST = "$(BUNDLE_LOADER)";
				WRAPPER_EXTENSION = xctest;
			};
			name = Debug;
		};
		A5AA295519C7E8B300E6ADA2 /* Release */ = {
			isa = XCBuildConfiguration;
			buildSettings = {
				BUNDLE_LOADER = "$(BUILT_PRODUCTS_DIR)/UINavigationDemo.app/UINavigationDemo";
				FRAMEWORK_SEARCH_PATHS = (
					"$(SDKROOT)/Developer/Library/Frameworks",
					"$(inherited)",
					"$(DEVELOPER_FRAMEWORKS_DIR)",
				);
				GCC_PRECOMPILE_PREFIX_HEADER = YES;
				GCC_PREFIX_HEADER = "UINavigationDemo/UINavigationDemo-Prefix.pch";
				INFOPLIST_FILE = "UINavigationDemoTests/UINavigationDemoTests-Info.plist";
				PRODUCT_NAME = "$(TARGET_NAME)";
				TEST_HOST = "$(BUNDLE_LOADER)";
				WRAPPER_EXTENSION = xctest;
			};
			name = Release;
		};
/* End XCBuildConfiguration section */

/* Begin XCConfigurationList section */
		A5AA291F19C7E8B300E6ADA2 /* Build configuration list for PBXProject "UINavigationDemo" */ = {
			isa = XCConfigurationList;
			buildConfigurations = (
				A5AA294E19C7E8B300E6ADA2 /* Debug */,
				A5AA294F19C7E8B300E6ADA2 /* Release */,
			);
			defaultConfigurationIsVisible = 0;
			defaultConfigurationName = Release;
		};
		A5AA295019C7E8B300E6ADA2 /* Build configuration list for PBXNativeTarget "UINavigationDemo" */ = {
			isa = XCConfigurationList;
			buildConfigurations = (
				A5AA295119C7E8B300E6ADA2 /* Debug */,
				A5AA295219C7E8B300E6ADA2 /* Release */,
			);
			defaultConfigurationIsVisible = 0;
			defaultConfigurationName = Release;
		};
		A5AA295319C7E8B300E6ADA2 /* Build configuration list for PBXNativeTarget "UINavigationDemoTests" */ = {
			isa = XCConfigurationList;
			buildConfigurations = (
				A5AA295419C7E8B300E6ADA2 /* Debug */,
				A5AA295519C7E8B300E6ADA2 /* Release */,
			);
			defaultConfigurationIsVisible = 0;
			defaultConfigurationName = Release;
		};
/* End XCConfigurationList section */
	};
	rootObject = A5AA291C19C7E8B300E6ADA2 /* Project object */;
}
